
Microsoft Visual Studio Solution File, Format Version 12.00
# Visual Studio Version 17
VisualStudioVersion = 17.0.31903.59
MinimumVisualStudioVersion = 10.0.40219.1
Project("{FAE04EC0-301F-11D3-BF4B-00C04F79EFBC}") = "DRX.Framework", "Library\Environments\Framework\DRX.Framework\DRX.Framework.csproj", "{21AC4A6E-4436-48FD-A400-6992E9E27CEE}"
EndProject
Project("{2150E333-8FDC-42A3-9474-1A3956D46DE8}") = "Applications", "Applications", "{02EA681E-C7D8-13C7-8484-4AC65E1B71E8}"
EndProject
Project("{2150E333-8FDC-42A3-9474-1A3956D46DE8}") = "Library", "Library", "{FE7FEA41-844F-4E1C-A688-9F76A46AE36A}"
EndProject
Project("{2150E333-8FDC-42A3-9474-1A3956D46DE8}") = "Clients", "Clients", "{06DC627D-B9DF-49F4-9F5C-2ACB9D65C512}"
EndProject
Project("{2150E333-8FDC-42A3-9474-1A3956D46DE8}") = "Servers", "Servers", "{D0DF548F-824A-484B-A45E-4D5B54C9710A}"
EndProject
Project("{2150E333-8FDC-42A3-9474-1A3956D46DE8}") = "Environments", "Environments", "{460BFB6C-73DD-448B-A6B4-4EAF5BA8A623}"
EndProject
Project("{FAE04EC0-301F-11D3-BF4B-00C04F79EFBC}") = "DRX.Framework.Media", "Library\Environments\Framework\DRX.Framework.Media\DRX.Framework.Media.csproj", "{33AA1A68-4D5A-441F-A654-30B1A006668B}"
EndProject
Project("{2150E333-8FDC-42A3-9474-1A3956D46DE8}") = "Plugins", "Plugins", "{9A42B18F-834E-4354-9123-0FA2AE9D9CA9}"
EndProject
Project("{FAE04EC0-301F-11D3-BF4B-00C04F79EFBC}") = "DRX.Framework.Chat", "Library\Environments\Framework\DRX.Framework.Chat\DRX.Framework.Chat.csproj", "{E41AF4C2-1AB8-4F38-B0C4-84A9F062EF32}"
EndProject
Project("{FAE04EC0-301F-11D3-BF4B-00C04F79EFBC}") = "Drx.Framework.Memory", "Library\Environments\Framework\Drx.Framework.Memory\Drx.Framework.Memory.csproj", "{D1075516-FFE7-4733-9B88-BFBDCDE64900}"
EndProject
Project("{FAE04EC0-301F-11D3-BF4B-00C04F79EFBC}") = "Drx.Sdk.Memory", "Library\Environments\SDK\Drx.Sdk.Memory\Drx.Sdk.Memory.csproj", "{06FB8F15-662B-4265-A3AD-976B2DAE271B}"
EndProject
Project("{FAE04EC0-301F-11D3-BF4B-00C04F79EFBC}") = "DLTools", "Library\Applications\Clients\DLTools\DLTools.csproj", "{A05E00FF-7676-4D20-A86D-3983FD76EB3D}"
EndProject
Project("{2150E333-8FDC-42A3-9474-1A3956D46DE8}") = "Framework", "Framework", "{39B49894-EB2E-41E9-9A43-F010989DF411}"
EndProject
Project("{FAE04EC0-301F-11D3-BF4B-00C04F79EFBC}") = "Drx.Sdk.Text", "Library\Environments\SDK\Drx.Sdk.Text\Drx.Sdk.Text.csproj", "{F1C620B1-D9FA-4310-A39E-B6BD7DE00DF7}"
EndProject
Project("{FAE04EC0-301F-11D3-BF4B-00C04F79EFBC}") = "Drx.Sdk.Ui.Wpf", "Library\Environments\SDK\Drx.Sdk.Ui.Wpf\Drx.Sdk.Ui.Wpf.csproj", "{A0AD6F4B-A40F-4547-AA41-AC2F14CF35E9}"
EndProject
Project("{FAE04EC0-301F-11D3-BF4B-00C04F79EFBC}") = "Drx.Sdk.Input", "Library\Environments\SDK\Drx.Sdk.Input\Drx.Sdk.Input.csproj", "{B0F5AB20-3907-45B2-9B15-E1417632F036}"
EndProject
Project("{FAE04EC0-301F-11D3-BF4B-00C04F79EFBC}") = "Drx.Sdk.Script", "Library\Environments\SDK\Drx.Sdk.Script\Drx.Sdk.Script.csproj", "{4E7DBE34-EABE-4400-B625-78621D48BA7E}"
EndProject
Project("{2150E333-8FDC-42A3-9474-1A3956D46DE8}") = "SDK", "SDK", "{5C9AA6B6-8F47-78CB-ADBB-FF617570A78C}"
EndProject
Project("{FAE04EC0-301F-11D3-BF4B-00C04F79EFBC}") = "Drx.Sdk.Native", "Library\Environments\SDK\Drx.Sdk.Native\Drx.Sdk.Native.csproj", "{801838AE-7767-48BB-8240-3141C417BC36}"
EndProject
Project("{FAE04EC0-301F-11D3-BF4B-00C04F79EFBC}") = "Drx.Sdk.Events", "Library\Environments\SDK\Drx.Sdk.Events\Drx.Sdk.Events.csproj", "{4A46E2F5-A460-4C36-A3C1-94CAE316CD08}"
EndProject
Project("{FAE04EC0-301F-11D3-BF4B-00C04F79EFBC}") = "Drx.Sdk.Registry", "Library\Environments\SDK\Drx.Sdk.Registry\Drx.Sdk.Registry.csproj", "{573564E1-DFB9-4814-9029-C382E5D06941}"
EndProject
Project("{FAE04EC0-301F-11D3-BF4B-00C04F79EFBC}") = "Drx.Sdk.Resource", "Library\Environments\SDK\Drx.Sdk.Resource\Drx.Sdk.Resource.csproj", "{ADD91D7F-F301-47DA-B4D7-583D496D0EDA}"
EndProject
Project("{FAE04EC0-301F-11D3-BF4B-00C04F79EFBC}") = "Drx.Sdk.Common", "Library\Environments\SDK\Drx.Sdk.Common\Drx.Sdk.Common.csproj", "{F540575C-C766-4989-B45B-5FF467449C6B}"
EndProject
Project("{FAE04EC0-301F-11D3-BF4B-00C04F79EFBC}") = "Drx.Sdk.Network", "Library\Environments\SDK\Drx.Sdk.Network\Drx.Sdk.Network.csproj", "{EB4DB2F0-48B4-4713-BED5-4F0AA2DF134A}"
EndProject
Project("{2150E333-8FDC-42A3-9474-1A3956D46DE8}") = "Static", "Static", "{F524C375-6BDF-4BD1-BA8E-E018663AC32C}"
EndProject
Project("{2150E333-8FDC-42A3-9474-1A3956D46DE8}") = "Dynamic", "Dynamic", "{AD41B3C8-A144-42ED-9F5C-796BB51C6333}"
EndProject
Project("{FAE04EC0-301F-11D3-BF4B-00C04F79EFBC}") = "DSTools", "Library\Applications\Clients\DSTools\DSTools.csproj", "{110B0CE4-3DF9-413B-B8EC-FE2BC3D913E7}"
EndProject
Project("{FAE04EC0-301F-11D3-BF4B-00C04F79EFBC}") = "NDV", "Library\Applications\Servers\NDV\NDV.csproj", "{170783EE-B473-45E8-8E3B-6EE9D5C69F3C}"
EndProject
Project("{FAE04EC0-301F-11D3-BF4B-00C04F79EFBC}") = "Drx.Sdk.Shared", "Library\Environments\SDK\Drx.Sdk.Shared\Drx.Sdk.Shared.csproj", "{815A99D9-F802-47CD-A839-1FAD71C9AB98}"
EndProject
Project("{FAE04EC0-301F-11D3-BF4B-00C04F79EFBC}") = "Web.KaxServer", "Library\Applications\Servers\Web.KaxServer\Web.KaxServer.csproj", "{5F8C4112-73EC-4789-9295-326309669F0E}"
EndProject
Project("{FAE04EC0-301F-11D3-BF4B-00C04F79EFBC}") = "SocketTest", "Library\Applications\Clients\SocketTest\SocketTest.csproj", "{F346ACF8-4CB1-49FB-819B-972758BE6FDC}"
EndProject
Project("{FAE04EC0-301F-11D3-BF4B-00C04F79EFBC}") = "KaxServer", "Library\Applications\Servers\KaxServer\KaxServer.csproj", "{10E70BA7-7F43-4B50-A0C5-17DFC37C31CA}"
EndProject
Global
	GlobalSection(SolutionConfigurationPlatforms) = preSolution
		Debug|Any CPU = Debug|Any CPU
		Debug|ARM = Debug|ARM
		Debug|ARM64 = Debug|ARM64
		Debug|x64 = Debug|x64
		Debug|x86 = Debug|x86
		Release|Any CPU = Release|Any CPU
		Release|ARM = Release|ARM
		Release|ARM64 = Release|ARM64
		Release|x64 = Release|x64
		Release|x86 = Release|x86
	EndGlobalSection
	GlobalSection(ProjectConfigurationPlatforms) = postSolution
		{21AC4A6E-4436-48FD-A400-6992E9E27CEE}.Debug|Any CPU.ActiveCfg = Debug|Any CPU
		{21AC4A6E-4436-48FD-A400-6992E9E27CEE}.Debug|Any CPU.Build.0 = Debug|Any CPU
		{21AC4A6E-4436-48FD-A400-6992E9E27CEE}.Debug|ARM.ActiveCfg = Debug|Any CPU
		{21AC4A6E-4436-48FD-A400-6992E9E27CEE}.Debug|ARM.Build.0 = Debug|Any CPU
		{21AC4A6E-4436-48FD-A400-6992E9E27CEE}.Debug|ARM64.ActiveCfg = Debug|Any CPU
		{21AC4A6E-4436-48FD-A400-6992E9E27CEE}.Debug|ARM64.Build.0 = Debug|Any CPU
		{21AC4A6E-4436-48FD-A400-6992E9E27CEE}.Debug|x64.ActiveCfg = Debug|Any CPU
		{21AC4A6E-4436-48FD-A400-6992E9E27CEE}.Debug|x64.Build.0 = Debug|Any CPU
		{21AC4A6E-4436-48FD-A400-6992E9E27CEE}.Debug|x86.ActiveCfg = Debug|Any CPU
		{21AC4A6E-4436-48FD-A400-6992E9E27CEE}.Debug|x86.Build.0 = Debug|Any CPU
		{21AC4A6E-4436-48FD-A400-6992E9E27CEE}.Release|Any CPU.ActiveCfg = Release|Any CPU
		{21AC4A6E-4436-48FD-A400-6992E9E27CEE}.Release|Any CPU.Build.0 = Release|Any CPU
		{21AC4A6E-4436-48FD-A400-6992E9E27CEE}.Release|ARM.ActiveCfg = Release|Any CPU
		{21AC4A6E-4436-48FD-A400-6992E9E27CEE}.Release|ARM.Build.0 = Release|Any CPU
		{21AC4A6E-4436-48FD-A400-6992E9E27CEE}.Release|ARM64.ActiveCfg = Release|Any CPU
		{21AC4A6E-4436-48FD-A400-6992E9E27CEE}.Release|ARM64.Build.0 = Release|Any CPU
		{21AC4A6E-4436-48FD-A400-6992E9E27CEE}.Release|x64.ActiveCfg = Release|Any CPU
		{21AC4A6E-4436-48FD-A400-6992E9E27CEE}.Release|x64.Build.0 = Release|Any CPU
		{21AC4A6E-4436-48FD-A400-6992E9E27CEE}.Release|x86.ActiveCfg = Release|Any CPU
		{21AC4A6E-4436-48FD-A400-6992E9E27CEE}.Release|x86.Build.0 = Release|Any CPU
		{33AA1A68-4D5A-441F-A654-30B1A006668B}.Debug|Any CPU.ActiveCfg = Debug|Any CPU
		{33AA1A68-4D5A-441F-A654-30B1A006668B}.Debug|Any CPU.Build.0 = Debug|Any CPU
		{33AA1A68-4D5A-441F-A654-30B1A006668B}.Debug|ARM.ActiveCfg = Debug|Any CPU
		{33AA1A68-4D5A-441F-A654-30B1A006668B}.Debug|ARM.Build.0 = Debug|Any CPU
		{33AA1A68-4D5A-441F-A654-30B1A006668B}.Debug|ARM64.ActiveCfg = Debug|Any CPU
		{33AA1A68-4D5A-441F-A654-30B1A006668B}.Debug|ARM64.Build.0 = Debug|Any CPU
		{33AA1A68-4D5A-441F-A654-30B1A006668B}.Debug|x64.ActiveCfg = Debug|Any CPU
		{33AA1A68-4D5A-441F-A654-30B1A006668B}.Debug|x64.Build.0 = Debug|Any CPU
		{33AA1A68-4D5A-441F-A654-30B1A006668B}.Debug|x86.ActiveCfg = Debug|Any CPU
		{33AA1A68-4D5A-441F-A654-30B1A006668B}.Debug|x86.Build.0 = Debug|Any CPU
		{33AA1A68-4D5A-441F-A654-30B1A006668B}.Release|Any CPU.ActiveCfg = Release|Any CPU
		{33AA1A68-4D5A-441F-A654-30B1A006668B}.Release|Any CPU.Build.0 = Release|Any CPU
		{33AA1A68-4D5A-441F-A654-30B1A006668B}.Release|ARM.ActiveCfg = Release|Any CPU
		{33AA1A68-4D5A-441F-A654-30B1A006668B}.Release|ARM.Build.0 = Release|Any CPU
		{33AA1A68-4D5A-441F-A654-30B1A006668B}.Release|ARM64.ActiveCfg = Release|Any CPU
		{33AA1A68-4D5A-441F-A654-30B1A006668B}.Release|ARM64.Build.0 = Release|Any CPU
		{33AA1A68-4D5A-441F-A654-30B1A006668B}.Release|x64.ActiveCfg = Release|Any CPU
		{33AA1A68-4D5A-441F-A654-30B1A006668B}.Release|x64.Build.0 = Release|Any CPU
		{33AA1A68-4D5A-441F-A654-30B1A006668B}.Release|x86.ActiveCfg = Release|Any CPU
		{33AA1A68-4D5A-441F-A654-30B1A006668B}.Release|x86.Build.0 = Release|Any CPU
		{E41AF4C2-1AB8-4F38-B0C4-84A9F062EF32}.Debug|Any CPU.ActiveCfg = Debug|Any CPU
		{E41AF4C2-1AB8-4F38-B0C4-84A9F062EF32}.Debug|Any CPU.Build.0 = Debug|Any CPU
		{E41AF4C2-1AB8-4F38-B0C4-84A9F062EF32}.Debug|ARM.ActiveCfg = Debug|Any CPU
		{E41AF4C2-1AB8-4F38-B0C4-84A9F062EF32}.Debug|ARM.Build.0 = Debug|Any CPU
		{E41AF4C2-1AB8-4F38-B0C4-84A9F062EF32}.Debug|ARM64.ActiveCfg = Debug|Any CPU
		{E41AF4C2-1AB8-4F38-B0C4-84A9F062EF32}.Debug|ARM64.Build.0 = Debug|Any CPU
		{E41AF4C2-1AB8-4F38-B0C4-84A9F062EF32}.Debug|x64.ActiveCfg = Debug|Any CPU
		{E41AF4C2-1AB8-4F38-B0C4-84A9F062EF32}.Debug|x64.Build.0 = Debug|Any CPU
		{E41AF4C2-1AB8-4F38-B0C4-84A9F062EF32}.Debug|x86.ActiveCfg = Debug|Any CPU
		{E41AF4C2-1AB8-4F38-B0C4-84A9F062EF32}.Debug|x86.Build.0 = Debug|Any CPU
		{E41AF4C2-1AB8-4F38-B0C4-84A9F062EF32}.Release|Any CPU.ActiveCfg = Release|Any CPU
		{E41AF4C2-1AB8-4F38-B0C4-84A9F062EF32}.Release|Any CPU.Build.0 = Release|Any CPU
		{E41AF4C2-1AB8-4F38-B0C4-84A9F062EF32}.Release|ARM.ActiveCfg = Release|Any CPU
		{E41AF4C2-1AB8-4F38-B0C4-84A9F062EF32}.Release|ARM.Build.0 = Release|Any CPU
		{E41AF4C2-1AB8-4F38-B0C4-84A9F062EF32}.Release|ARM64.ActiveCfg = Release|Any CPU
		{E41AF4C2-1AB8-4F38-B0C4-84A9F062EF32}.Release|ARM64.Build.0 = Release|Any CPU
		{E41AF4C2-1AB8-4F38-B0C4-84A9F062EF32}.Release|x64.ActiveCfg = Release|Any CPU
		{E41AF4C2-1AB8-4F38-B0C4-84A9F062EF32}.Release|x64.Build.0 = Release|Any CPU
		{E41AF4C2-1AB8-4F38-B0C4-84A9F062EF32}.Release|x86.ActiveCfg = Release|Any CPU
		{E41AF4C2-1AB8-4F38-B0C4-84A9F062EF32}.Release|x86.Build.0 = Release|Any CPU
		{D1075516-FFE7-4733-9B88-BFBDCDE64900}.Debug|Any CPU.ActiveCfg = Debug|Any CPU
		{D1075516-FFE7-4733-9B88-BFBDCDE64900}.Debug|Any CPU.Build.0 = Debug|Any CPU
		{D1075516-FFE7-4733-9B88-BFBDCDE64900}.Debug|ARM.ActiveCfg = Debug|Any CPU
		{D1075516-FFE7-4733-9B88-BFBDCDE64900}.Debug|ARM.Build.0 = Debug|Any CPU
		{D1075516-FFE7-4733-9B88-BFBDCDE64900}.Debug|ARM64.ActiveCfg = Debug|Any CPU
		{D1075516-FFE7-4733-9B88-BFBDCDE64900}.Debug|ARM64.Build.0 = Debug|Any CPU
		{D1075516-FFE7-4733-9B88-BFBDCDE64900}.Debug|x64.ActiveCfg = Debug|Any CPU
		{D1075516-FFE7-4733-9B88-BFBDCDE64900}.Debug|x64.Build.0 = Debug|Any CPU
		{D1075516-FFE7-4733-9B88-BFBDCDE64900}.Debug|x86.ActiveCfg = Debug|Any CPU
		{D1075516-FFE7-4733-9B88-BFBDCDE64900}.Debug|x86.Build.0 = Debug|Any CPU
		{D1075516-FFE7-4733-9B88-BFBDCDE64900}.Release|Any CPU.ActiveCfg = Release|Any CPU
		{D1075516-FFE7-4733-9B88-BFBDCDE64900}.Release|Any CPU.Build.0 = Release|Any CPU
		{D1075516-FFE7-4733-9B88-BFBDCDE64900}.Release|ARM.ActiveCfg = Release|Any CPU
		{D1075516-FFE7-4733-9B88-BFBDCDE64900}.Release|ARM.Build.0 = Release|Any CPU
		{D1075516-FFE7-4733-9B88-BFBDCDE64900}.Release|ARM64.ActiveCfg = Release|Any CPU
		{D1075516-FFE7-4733-9B88-BFBDCDE64900}.Release|ARM64.Build.0 = Release|Any CPU
		{D1075516-FFE7-4733-9B88-BFBDCDE64900}.Release|x64.ActiveCfg = Release|Any CPU
		{D1075516-FFE7-4733-9B88-BFBDCDE64900}.Release|x64.Build.0 = Release|Any CPU
		{D1075516-FFE7-4733-9B88-BFBDCDE64900}.Release|x86.ActiveCfg = Release|Any CPU
		{D1075516-FFE7-4733-9B88-BFBDCDE64900}.Release|x86.Build.0 = Release|Any CPU
		{06FB8F15-662B-4265-A3AD-976B2DAE271B}.Debug|Any CPU.ActiveCfg = Debug|Any CPU
		{06FB8F15-662B-4265-A3AD-976B2DAE271B}.Debug|Any CPU.Build.0 = Debug|Any CPU
		{06FB8F15-662B-4265-A3AD-976B2DAE271B}.Debug|ARM.ActiveCfg = Debug|Any CPU
		{06FB8F15-662B-4265-A3AD-976B2DAE271B}.Debug|ARM.Build.0 = Debug|Any CPU
		{06FB8F15-662B-4265-A3AD-976B2DAE271B}.Debug|ARM64.ActiveCfg = Debug|Any CPU
		{06FB8F15-662B-4265-A3AD-976B2DAE271B}.Debug|ARM64.Build.0 = Debug|Any CPU
		{06FB8F15-662B-4265-A3AD-976B2DAE271B}.Debug|x64.ActiveCfg = Debug|Any CPU
		{06FB8F15-662B-4265-A3AD-976B2DAE271B}.Debug|x64.Build.0 = Debug|Any CPU
		{06FB8F15-662B-4265-A3AD-976B2DAE271B}.Debug|x86.ActiveCfg = Debug|Any CPU
		{06FB8F15-662B-4265-A3AD-976B2DAE271B}.Debug|x86.Build.0 = Debug|Any CPU
		{06FB8F15-662B-4265-A3AD-976B2DAE271B}.Release|Any CPU.ActiveCfg = Release|Any CPU
		{06FB8F15-662B-4265-A3AD-976B2DAE271B}.Release|Any CPU.Build.0 = Release|Any CPU
		{06FB8F15-662B-4265-A3AD-976B2DAE271B}.Release|ARM.ActiveCfg = Release|Any CPU
		{06FB8F15-662B-4265-A3AD-976B2DAE271B}.Release|ARM.Build.0 = Release|Any CPU
		{06FB8F15-662B-4265-A3AD-976B2DAE271B}.Release|ARM64.ActiveCfg = Release|Any CPU
		{06FB8F15-662B-4265-A3AD-976B2DAE271B}.Release|ARM64.Build.0 = Release|Any CPU
		{06FB8F15-662B-4265-A3AD-976B2DAE271B}.Release|x64.ActiveCfg = Release|Any CPU
		{06FB8F15-662B-4265-A3AD-976B2DAE271B}.Release|x64.Build.0 = Release|Any CPU
		{06FB8F15-662B-4265-A3AD-976B2DAE271B}.Release|x86.ActiveCfg = Release|Any CPU
		{06FB8F15-662B-4265-A3AD-976B2DAE271B}.Release|x86.Build.0 = Release|Any CPU
		{A05E00FF-7676-4D20-A86D-3983FD76EB3D}.Debug|Any CPU.ActiveCfg = Debug|Any CPU
		{A05E00FF-7676-4D20-A86D-3983FD76EB3D}.Debug|Any CPU.Build.0 = Debug|Any CPU
		{A05E00FF-7676-4D20-A86D-3983FD76EB3D}.Debug|ARM.ActiveCfg = Debug|Any CPU
		{A05E00FF-7676-4D20-A86D-3983FD76EB3D}.Debug|ARM.Build.0 = Debug|Any CPU
		{A05E00FF-7676-4D20-A86D-3983FD76EB3D}.Debug|ARM64.ActiveCfg = Debug|Any CPU
		{A05E00FF-7676-4D20-A86D-3983FD76EB3D}.Debug|ARM64.Build.0 = Debug|Any CPU
		{A05E00FF-7676-4D20-A86D-3983FD76EB3D}.Debug|x64.ActiveCfg = Debug|Any CPU
		{A05E00FF-7676-4D20-A86D-3983FD76EB3D}.Debug|x64.Build.0 = Debug|Any CPU
		{A05E00FF-7676-4D20-A86D-3983FD76EB3D}.Debug|x86.ActiveCfg = Debug|Any CPU
		{A05E00FF-7676-4D20-A86D-3983FD76EB3D}.Debug|x86.Build.0 = Debug|Any CPU
		{A05E00FF-7676-4D20-A86D-3983FD76EB3D}.Release|Any CPU.ActiveCfg = Release|Any CPU
		{A05E00FF-7676-4D20-A86D-3983FD76EB3D}.Release|Any CPU.Build.0 = Release|Any CPU
		{A05E00FF-7676-4D20-A86D-3983FD76EB3D}.Release|ARM.ActiveCfg = Release|Any CPU
		{A05E00FF-7676-4D20-A86D-3983FD76EB3D}.Release|ARM.Build.0 = Release|Any CPU
		{A05E00FF-7676-4D20-A86D-3983FD76EB3D}.Release|ARM64.ActiveCfg = Release|Any CPU
		{A05E00FF-7676-4D20-A86D-3983FD76EB3D}.Release|ARM64.Build.0 = Release|Any CPU
		{A05E00FF-7676-4D20-A86D-3983FD76EB3D}.Release|x64.ActiveCfg = Release|Any CPU
		{A05E00FF-7676-4D20-A86D-3983FD76EB3D}.Release|x64.Build.0 = Release|Any CPU
		{A05E00FF-7676-4D20-A86D-3983FD76EB3D}.Release|x86.ActiveCfg = Release|Any CPU
		{A05E00FF-7676-4D20-A86D-3983FD76EB3D}.Release|x86.Build.0 = Release|Any CPU
		{F1C620B1-D9FA-4310-A39E-B6BD7DE00DF7}.Debug|Any CPU.ActiveCfg = Debug|Any CPU
		{F1C620B1-D9FA-4310-A39E-B6BD7DE00DF7}.Debug|Any CPU.Build.0 = Debug|Any CPU
		{F1C620B1-D9FA-4310-A39E-B6BD7DE00DF7}.Debug|ARM.ActiveCfg = Debug|Any CPU
		{F1C620B1-D9FA-4310-A39E-B6BD7DE00DF7}.Debug|ARM.Build.0 = Debug|Any CPU
		{F1C620B1-D9FA-4310-A39E-B6BD7DE00DF7}.Debug|ARM64.ActiveCfg = Debug|Any CPU
		{F1C620B1-D9FA-4310-A39E-B6BD7DE00DF7}.Debug|ARM64.Build.0 = Debug|Any CPU
		{F1C620B1-D9FA-4310-A39E-B6BD7DE00DF7}.Debug|x64.ActiveCfg = Debug|Any CPU
		{F1C620B1-D9FA-4310-A39E-B6BD7DE00DF7}.Debug|x64.Build.0 = Debug|Any CPU
		{F1C620B1-D9FA-4310-A39E-B6BD7DE00DF7}.Debug|x86.ActiveCfg = Debug|Any CPU
		{F1C620B1-D9FA-4310-A39E-B6BD7DE00DF7}.Debug|x86.Build.0 = Debug|Any CPU
		{F1C620B1-D9FA-4310-A39E-B6BD7DE00DF7}.Release|Any CPU.ActiveCfg = Release|Any CPU
		{F1C620B1-D9FA-4310-A39E-B6BD7DE00DF7}.Release|Any CPU.Build.0 = Release|Any CPU
		{F1C620B1-D9FA-4310-A39E-B6BD7DE00DF7}.Release|ARM.ActiveCfg = Release|Any CPU
		{F1C620B1-D9FA-4310-A39E-B6BD7DE00DF7}.Release|ARM.Build.0 = Release|Any CPU
		{F1C620B1-D9FA-4310-A39E-B6BD7DE00DF7}.Release|ARM64.ActiveCfg = Release|Any CPU
		{F1C620B1-D9FA-4310-A39E-B6BD7DE00DF7}.Release|ARM64.Build.0 = Release|Any CPU
		{F1C620B1-D9FA-4310-A39E-B6BD7DE00DF7}.Release|x64.ActiveCfg = Release|Any CPU
		{F1C620B1-D9FA-4310-A39E-B6BD7DE00DF7}.Release|x64.Build.0 = Release|Any CPU
		{F1C620B1-D9FA-4310-A39E-B6BD7DE00DF7}.Release|x86.ActiveCfg = Release|Any CPU
		{F1C620B1-D9FA-4310-A39E-B6BD7DE00DF7}.Release|x86.Build.0 = Release|Any CPU
		{A0AD6F4B-A40F-4547-AA41-AC2F14CF35E9}.Debug|Any CPU.ActiveCfg = Debug|Any CPU
		{A0AD6F4B-A40F-4547-AA41-AC2F14CF35E9}.Debug|Any CPU.Build.0 = Debug|Any CPU
		{A0AD6F4B-A40F-4547-AA41-AC2F14CF35E9}.Debug|ARM.ActiveCfg = Debug|Any CPU
		{A0AD6F4B-A40F-4547-AA41-AC2F14CF35E9}.Debug|ARM.Build.0 = Debug|Any CPU
		{A0AD6F4B-A40F-4547-AA41-AC2F14CF35E9}.Debug|ARM64.ActiveCfg = Debug|Any CPU
		{A0AD6F4B-A40F-4547-AA41-AC2F14CF35E9}.Debug|ARM64.Build.0 = Debug|Any CPU
		{A0AD6F4B-A40F-4547-AA41-AC2F14CF35E9}.Debug|x64.ActiveCfg = Debug|Any CPU
		{A0AD6F4B-A40F-4547-AA41-AC2F14CF35E9}.Debug|x64.Build.0 = Debug|Any CPU
		{A0AD6F4B-A40F-4547-AA41-AC2F14CF35E9}.Debug|x86.ActiveCfg = Debug|Any CPU
		{A0AD6F4B-A40F-4547-AA41-AC2F14CF35E9}.Debug|x86.Build.0 = Debug|Any CPU
		{A0AD6F4B-A40F-4547-AA41-AC2F14CF35E9}.Release|Any CPU.ActiveCfg = Release|Any CPU
		{A0AD6F4B-A40F-4547-AA41-AC2F14CF35E9}.Release|Any CPU.Build.0 = Release|Any CPU
		{A0AD6F4B-A40F-4547-AA41-AC2F14CF35E9}.Release|ARM.ActiveCfg = Release|Any CPU
		{A0AD6F4B-A40F-4547-AA41-AC2F14CF35E9}.Release|ARM.Build.0 = Release|Any CPU
		{A0AD6F4B-A40F-4547-AA41-AC2F14CF35E9}.Release|ARM64.ActiveCfg = Release|Any CPU
		{A0AD6F4B-A40F-4547-AA41-AC2F14CF35E9}.Release|ARM64.Build.0 = Release|Any CPU
		{A0AD6F4B-A40F-4547-AA41-AC2F14CF35E9}.Release|x64.ActiveCfg = Release|Any CPU
		{A0AD6F4B-A40F-4547-AA41-AC2F14CF35E9}.Release|x64.Build.0 = Release|Any CPU
		{A0AD6F4B-A40F-4547-AA41-AC2F14CF35E9}.Release|x86.ActiveCfg = Release|Any CPU
		{A0AD6F4B-A40F-4547-AA41-AC2F14CF35E9}.Release|x86.Build.0 = Release|Any CPU
		{B0F5AB20-3907-45B2-9B15-E1417632F036}.Debug|Any CPU.ActiveCfg = Debug|Any CPU
		{B0F5AB20-3907-45B2-9B15-E1417632F036}.Debug|Any CPU.Build.0 = Debug|Any CPU
		{B0F5AB20-3907-45B2-9B15-E1417632F036}.Debug|ARM.ActiveCfg = Debug|Any CPU
		{B0F5AB20-3907-45B2-9B15-E1417632F036}.Debug|ARM.Build.0 = Debug|Any CPU
		{B0F5AB20-3907-45B2-9B15-E1417632F036}.Debug|ARM64.ActiveCfg = Debug|Any CPU
		{B0F5AB20-3907-45B2-9B15-E1417632F036}.Debug|ARM64.Build.0 = Debug|Any CPU
		{B0F5AB20-3907-45B2-9B15-E1417632F036}.Debug|x64.ActiveCfg = Debug|Any CPU
		{B0F5AB20-3907-45B2-9B15-E1417632F036}.Debug|x64.Build.0 = Debug|Any CPU
		{B0F5AB20-3907-45B2-9B15-E1417632F036}.Debug|x86.ActiveCfg = Debug|Any CPU
		{B0F5AB20-3907-45B2-9B15-E1417632F036}.Debug|x86.Build.0 = Debug|Any CPU
		{B0F5AB20-3907-45B2-9B15-E1417632F036}.Release|Any CPU.ActiveCfg = Release|Any CPU
		{B0F5AB20-3907-45B2-9B15-E1417632F036}.Release|Any CPU.Build.0 = Release|Any CPU
		{B0F5AB20-3907-45B2-9B15-E1417632F036}.Release|ARM.ActiveCfg = Release|Any CPU
		{B0F5AB20-3907-45B2-9B15-E1417632F036}.Release|ARM.Build.0 = Release|Any CPU
		{B0F5AB20-3907-45B2-9B15-E1417632F036}.Release|ARM64.ActiveCfg = Release|Any CPU
		{B0F5AB20-3907-45B2-9B15-E1417632F036}.Release|ARM64.Build.0 = Release|Any CPU
		{B0F5AB20-3907-45B2-9B15-E1417632F036}.Release|x64.ActiveCfg = Release|Any CPU
		{B0F5AB20-3907-45B2-9B15-E1417632F036}.Release|x64.Build.0 = Release|Any CPU
		{B0F5AB20-3907-45B2-9B15-E1417632F036}.Release|x86.ActiveCfg = Release|Any CPU
		{B0F5AB20-3907-45B2-9B15-E1417632F036}.Release|x86.Build.0 = Release|Any CPU
		{4E7DBE34-EABE-4400-B625-78621D48BA7E}.Debug|Any CPU.ActiveCfg = Debug|Any CPU
		{4E7DBE34-EABE-4400-B625-78621D48BA7E}.Debug|Any CPU.Build.0 = Debug|Any CPU
		{4E7DBE34-EABE-4400-B625-78621D48BA7E}.Debug|ARM.ActiveCfg = Debug|Any CPU
		{4E7DBE34-EABE-4400-B625-78621D48BA7E}.Debug|ARM.Build.0 = Debug|Any CPU
		{4E7DBE34-EABE-4400-B625-78621D48BA7E}.Debug|ARM64.ActiveCfg = Debug|Any CPU
		{4E7DBE34-EABE-4400-B625-78621D48BA7E}.Debug|ARM64.Build.0 = Debug|Any CPU
		{4E7DBE34-EABE-4400-B625-78621D48BA7E}.Debug|x64.ActiveCfg = Debug|Any CPU
		{4E7DBE34-EABE-4400-B625-78621D48BA7E}.Debug|x64.Build.0 = Debug|Any CPU
		{4E7DBE34-EABE-4400-B625-78621D48BA7E}.Debug|x86.ActiveCfg = Debug|Any CPU
		{4E7DBE34-EABE-4400-B625-78621D48BA7E}.Debug|x86.Build.0 = Debug|Any CPU
		{4E7DBE34-EABE-4400-B625-78621D48BA7E}.Release|Any CPU.ActiveCfg = Release|Any CPU
		{4E7DBE34-EABE-4400-B625-78621D48BA7E}.Release|Any CPU.Build.0 = Release|Any CPU
		{4E7DBE34-EABE-4400-B625-78621D48BA7E}.Release|ARM.ActiveCfg = Release|Any CPU
		{4E7DBE34-EABE-4400-B625-78621D48BA7E}.Release|ARM.Build.0 = Release|Any CPU
		{4E7DBE34-EABE-4400-B625-78621D48BA7E}.Release|ARM64.ActiveCfg = Release|Any CPU
		{4E7DBE34-EABE-4400-B625-78621D48BA7E}.Release|ARM64.Build.0 = Release|Any CPU
		{4E7DBE34-EABE-4400-B625-78621D48BA7E}.Release|x64.ActiveCfg = Release|Any CPU
		{4E7DBE34-EABE-4400-B625-78621D48BA7E}.Release|x64.Build.0 = Release|Any CPU
		{4E7DBE34-EABE-4400-B625-78621D48BA7E}.Release|x86.ActiveCfg = Release|Any CPU
		{4E7DBE34-EABE-4400-B625-78621D48BA7E}.Release|x86.Build.0 = Release|Any CPU
		{801838AE-7767-48BB-8240-3141C417BC36}.Debug|Any CPU.ActiveCfg = Debug|Any CPU
		{801838AE-7767-48BB-8240-3141C417BC36}.Debug|Any CPU.Build.0 = Debug|Any CPU
		{801838AE-7767-48BB-8240-3141C417BC36}.Debug|ARM.ActiveCfg = Debug|Any CPU
		{801838AE-7767-48BB-8240-3141C417BC36}.Debug|ARM.Build.0 = Debug|Any CPU
		{801838AE-7767-48BB-8240-3141C417BC36}.Debug|ARM64.ActiveCfg = Debug|Any CPU
		{801838AE-7767-48BB-8240-3141C417BC36}.Debug|ARM64.Build.0 = Debug|Any CPU
		{801838AE-7767-48BB-8240-3141C417BC36}.Debug|x64.ActiveCfg = Debug|Any CPU
		{801838AE-7767-48BB-8240-3141C417BC36}.Debug|x64.Build.0 = Debug|Any CPU
		{801838AE-7767-48BB-8240-3141C417BC36}.Debug|x86.ActiveCfg = Debug|Any CPU
		{801838AE-7767-48BB-8240-3141C417BC36}.Debug|x86.Build.0 = Debug|Any CPU
		{801838AE-7767-48BB-8240-3141C417BC36}.Release|Any CPU.ActiveCfg = Release|Any CPU
		{801838AE-7767-48BB-8240-3141C417BC36}.Release|Any CPU.Build.0 = Release|Any CPU
		{801838AE-7767-48BB-8240-3141C417BC36}.Release|ARM.ActiveCfg = Release|Any CPU
		{801838AE-7767-48BB-8240-3141C417BC36}.Release|ARM.Build.0 = Release|Any CPU
		{801838AE-7767-48BB-8240-3141C417BC36}.Release|ARM64.ActiveCfg = Release|Any CPU
		{801838AE-7767-48BB-8240-3141C417BC36}.Release|ARM64.Build.0 = Release|Any CPU
		{801838AE-7767-48BB-8240-3141C417BC36}.Release|x64.ActiveCfg = Release|Any CPU
		{801838AE-7767-48BB-8240-3141C417BC36}.Release|x64.Build.0 = Release|Any CPU
		{801838AE-7767-48BB-8240-3141C417BC36}.Release|x86.ActiveCfg = Release|Any CPU
		{801838AE-7767-48BB-8240-3141C417BC36}.Release|x86.Build.0 = Release|Any CPU
		{4A46E2F5-A460-4C36-A3C1-94CAE316CD08}.Debug|Any CPU.ActiveCfg = Debug|Any CPU
		{4A46E2F5-A460-4C36-A3C1-94CAE316CD08}.Debug|Any CPU.Build.0 = Debug|Any CPU
		{4A46E2F5-A460-4C36-A3C1-94CAE316CD08}.Debug|ARM.ActiveCfg = Debug|Any CPU
		{4A46E2F5-A460-4C36-A3C1-94CAE316CD08}.Debug|ARM.Build.0 = Debug|Any CPU
		{4A46E2F5-A460-4C36-A3C1-94CAE316CD08}.Debug|ARM64.ActiveCfg = Debug|Any CPU
		{4A46E2F5-A460-4C36-A3C1-94CAE316CD08}.Debug|ARM64.Build.0 = Debug|Any CPU
		{4A46E2F5-A460-4C36-A3C1-94CAE316CD08}.Debug|x64.ActiveCfg = Debug|Any CPU
		{4A46E2F5-A460-4C36-A3C1-94CAE316CD08}.Debug|x64.Build.0 = Debug|Any CPU
		{4A46E2F5-A460-4C36-A3C1-94CAE316CD08}.Debug|x86.ActiveCfg = Debug|Any CPU
		{4A46E2F5-A460-4C36-A3C1-94CAE316CD08}.Debug|x86.Build.0 = Debug|Any CPU
		{4A46E2F5-A460-4C36-A3C1-94CAE316CD08}.Release|Any CPU.ActiveCfg = Release|Any CPU
		{4A46E2F5-A460-4C36-A3C1-94CAE316CD08}.Release|Any CPU.Build.0 = Release|Any CPU
		{4A46E2F5-A460-4C36-A3C1-94CAE316CD08}.Release|ARM.ActiveCfg = Release|Any CPU
		{4A46E2F5-A460-4C36-A3C1-94CAE316CD08}.Release|ARM.Build.0 = Release|Any CPU
		{4A46E2F5-A460-4C36-A3C1-94CAE316CD08}.Release|ARM64.ActiveCfg = Release|Any CPU
		{4A46E2F5-A460-4C36-A3C1-94CAE316CD08}.Release|ARM64.Build.0 = Release|Any CPU
		{4A46E2F5-A460-4C36-A3C1-94CAE316CD08}.Release|x64.ActiveCfg = Release|Any CPU
		{4A46E2F5-A460-4C36-A3C1-94CAE316CD08}.Release|x64.Build.0 = Release|Any CPU
		{4A46E2F5-A460-4C36-A3C1-94CAE316CD08}.Release|x86.ActiveCfg = Release|Any CPU
		{4A46E2F5-A460-4C36-A3C1-94CAE316CD08}.Release|x86.Build.0 = Release|Any CPU
		{573564E1-DFB9-4814-9029-C382E5D06941}.Debug|Any CPU.ActiveCfg = Debug|Any CPU
		{573564E1-DFB9-4814-9029-C382E5D06941}.Debug|Any CPU.Build.0 = Debug|Any CPU
		{573564E1-DFB9-4814-9029-C382E5D06941}.Debug|ARM.ActiveCfg = Debug|Any CPU
		{573564E1-DFB9-4814-9029-C382E5D06941}.Debug|ARM.Build.0 = Debug|Any CPU
		{573564E1-DFB9-4814-9029-C382E5D06941}.Debug|ARM64.ActiveCfg = Debug|Any CPU
		{573564E1-DFB9-4814-9029-C382E5D06941}.Debug|ARM64.Build.0 = Debug|Any CPU
		{573564E1-DFB9-4814-9029-C382E5D06941}.Debug|x64.ActiveCfg = Debug|Any CPU
		{573564E1-DFB9-4814-9029-C382E5D06941}.Debug|x64.Build.0 = Debug|Any CPU
		{573564E1-DFB9-4814-9029-C382E5D06941}.Debug|x86.ActiveCfg = Debug|Any CPU
		{573564E1-DFB9-4814-9029-C382E5D06941}.Debug|x86.Build.0 = Debug|Any CPU
		{573564E1-DFB9-4814-9029-C382E5D06941}.Release|Any CPU.ActiveCfg = Release|Any CPU
		{573564E1-DFB9-4814-9029-C382E5D06941}.Release|Any CPU.Build.0 = Release|Any CPU
		{573564E1-DFB9-4814-9029-C382E5D06941}.Release|ARM.ActiveCfg = Release|Any CPU
		{573564E1-DFB9-4814-9029-C382E5D06941}.Release|ARM.Build.0 = Release|Any CPU
		{573564E1-DFB9-4814-9029-C382E5D06941}.Release|ARM64.ActiveCfg = Release|Any CPU
		{573564E1-DFB9-4814-9029-C382E5D06941}.Release|ARM64.Build.0 = Release|Any CPU
		{573564E1-DFB9-4814-9029-C382E5D06941}.Release|x64.ActiveCfg = Release|Any CPU
		{573564E1-DFB9-4814-9029-C382E5D06941}.Release|x64.Build.0 = Release|Any CPU
		{573564E1-DFB9-4814-9029-C382E5D06941}.Release|x86.ActiveCfg = Release|Any CPU
		{573564E1-DFB9-4814-9029-C382E5D06941}.Release|x86.Build.0 = Release|Any CPU
		{ADD91D7F-F301-47DA-B4D7-583D496D0EDA}.Debug|Any CPU.ActiveCfg = Debug|Any CPU
		{ADD91D7F-F301-47DA-B4D7-583D496D0EDA}.Debug|Any CPU.Build.0 = Debug|Any CPU
		{ADD91D7F-F301-47DA-B4D7-583D496D0EDA}.Debug|ARM.ActiveCfg = Debug|Any CPU
		{ADD91D7F-F301-47DA-B4D7-583D496D0EDA}.Debug|ARM.Build.0 = Debug|Any CPU
		{ADD91D7F-F301-47DA-B4D7-583D496D0EDA}.Debug|ARM64.ActiveCfg = Debug|Any CPU
		{ADD91D7F-F301-47DA-B4D7-583D496D0EDA}.Debug|ARM64.Build.0 = Debug|Any CPU
		{ADD91D7F-F301-47DA-B4D7-583D496D0EDA}.Debug|x64.ActiveCfg = Debug|Any CPU
		{ADD91D7F-F301-47DA-B4D7-583D496D0EDA}.Debug|x64.Build.0 = Debug|Any CPU
		{ADD91D7F-F301-47DA-B4D7-583D496D0EDA}.Debug|x86.ActiveCfg = Debug|Any CPU
		{ADD91D7F-F301-47DA-B4D7-583D496D0EDA}.Debug|x86.Build.0 = Debug|Any CPU
		{ADD91D7F-F301-47DA-B4D7-583D496D0EDA}.Release|Any CPU.ActiveCfg = Release|Any CPU
		{ADD91D7F-F301-47DA-B4D7-583D496D0EDA}.Release|Any CPU.Build.0 = Release|Any CPU
		{ADD91D7F-F301-47DA-B4D7-583D496D0EDA}.Release|ARM.ActiveCfg = Release|Any CPU
		{ADD91D7F-F301-47DA-B4D7-583D496D0EDA}.Release|ARM.Build.0 = Release|Any CPU
		{ADD91D7F-F301-47DA-B4D7-583D496D0EDA}.Release|ARM64.ActiveCfg = Release|Any CPU
		{ADD91D7F-F301-47DA-B4D7-583D496D0EDA}.Release|ARM64.Build.0 = Release|Any CPU
		{ADD91D7F-F301-47DA-B4D7-583D496D0EDA}.Release|x64.ActiveCfg = Release|Any CPU
		{ADD91D7F-F301-47DA-B4D7-583D496D0EDA}.Release|x64.Build.0 = Release|Any CPU
		{ADD91D7F-F301-47DA-B4D7-583D496D0EDA}.Release|x86.ActiveCfg = Release|Any CPU
		{ADD91D7F-F301-47DA-B4D7-583D496D0EDA}.Release|x86.Build.0 = Release|Any CPU
		{F540575C-C766-4989-B45B-5FF467449C6B}.Debug|Any CPU.ActiveCfg = Debug|Any CPU
		{F540575C-C766-4989-B45B-5FF467449C6B}.Debug|Any CPU.Build.0 = Debug|Any CPU
		{F540575C-C766-4989-B45B-5FF467449C6B}.Debug|ARM.ActiveCfg = Debug|Any CPU
		{F540575C-C766-4989-B45B-5FF467449C6B}.Debug|ARM.Build.0 = Debug|Any CPU
		{F540575C-C766-4989-B45B-5FF467449C6B}.Debug|ARM64.ActiveCfg = Debug|Any CPU
		{F540575C-C766-4989-B45B-5FF467449C6B}.Debug|ARM64.Build.0 = Debug|Any CPU
		{F540575C-C766-4989-B45B-5FF467449C6B}.Debug|x64.ActiveCfg = Debug|Any CPU
		{F540575C-C766-4989-B45B-5FF467449C6B}.Debug|x64.Build.0 = Debug|Any CPU
		{F540575C-C766-4989-B45B-5FF467449C6B}.Debug|x86.ActiveCfg = Debug|Any CPU
		{F540575C-C766-4989-B45B-5FF467449C6B}.Debug|x86.Build.0 = Debug|Any CPU
		{F540575C-C766-4989-B45B-5FF467449C6B}.Release|Any CPU.ActiveCfg = Release|Any CPU
		{F540575C-C766-4989-B45B-5FF467449C6B}.Release|Any CPU.Build.0 = Release|Any CPU
		{F540575C-C766-4989-B45B-5FF467449C6B}.Release|ARM.ActiveCfg = Release|Any CPU
		{F540575C-C766-4989-B45B-5FF467449C6B}.Release|ARM.Build.0 = Release|Any CPU
		{F540575C-C766-4989-B45B-5FF467449C6B}.Release|ARM64.ActiveCfg = Release|Any CPU
		{F540575C-C766-4989-B45B-5FF467449C6B}.Release|ARM64.Build.0 = Release|Any CPU
		{F540575C-C766-4989-B45B-5FF467449C6B}.Release|x64.ActiveCfg = Release|Any CPU
		{F540575C-C766-4989-B45B-5FF467449C6B}.Release|x64.Build.0 = Release|Any CPU
		{F540575C-C766-4989-B45B-5FF467449C6B}.Release|x86.ActiveCfg = Release|Any CPU
		{F540575C-C766-4989-B45B-5FF467449C6B}.Release|x86.Build.0 = Release|Any CPU
		{EB4DB2F0-48B4-4713-BED5-4F0AA2DF134A}.Debug|Any CPU.ActiveCfg = Debug|Any CPU
		{EB4DB2F0-48B4-4713-BED5-4F0AA2DF134A}.Debug|Any CPU.Build.0 = Debug|Any CPU
		{EB4DB2F0-48B4-4713-BED5-4F0AA2DF134A}.Debug|ARM.ActiveCfg = Debug|Any CPU
		{EB4DB2F0-48B4-4713-BED5-4F0AA2DF134A}.Debug|ARM.Build.0 = Debug|Any CPU
		{EB4DB2F0-48B4-4713-BED5-4F0AA2DF134A}.Debug|ARM64.ActiveCfg = Debug|Any CPU
		{EB4DB2F0-48B4-4713-BED5-4F0AA2DF134A}.Debug|ARM64.Build.0 = Debug|Any CPU
		{EB4DB2F0-48B4-4713-BED5-4F0AA2DF134A}.Debug|x64.ActiveCfg = Debug|Any CPU
		{EB4DB2F0-48B4-4713-BED5-4F0AA2DF134A}.Debug|x64.Build.0 = Debug|Any CPU
		{EB4DB2F0-48B4-4713-BED5-4F0AA2DF134A}.Debug|x86.ActiveCfg = Debug|Any CPU
		{EB4DB2F0-48B4-4713-BED5-4F0AA2DF134A}.Debug|x86.Build.0 = Debug|Any CPU
		{EB4DB2F0-48B4-4713-BED5-4F0AA2DF134A}.Release|Any CPU.ActiveCfg = Release|Any CPU
		{EB4DB2F0-48B4-4713-BED5-4F0AA2DF134A}.Release|Any CPU.Build.0 = Release|Any CPU
		{EB4DB2F0-48B4-4713-BED5-4F0AA2DF134A}.Release|ARM.ActiveCfg = Release|Any CPU
		{EB4DB2F0-48B4-4713-BED5-4F0AA2DF134A}.Release|ARM.Build.0 = Release|Any CPU
		{EB4DB2F0-48B4-4713-BED5-4F0AA2DF134A}.Release|ARM64.ActiveCfg = Release|Any CPU
		{EB4DB2F0-48B4-4713-BED5-4F0AA2DF134A}.Release|ARM64.Build.0 = Release|Any CPU
		{EB4DB2F0-48B4-4713-BED5-4F0AA2DF134A}.Release|x64.ActiveCfg = Release|Any CPU
		{EB4DB2F0-48B4-4713-BED5-4F0AA2DF134A}.Release|x64.Build.0 = Release|Any CPU
		{EB4DB2F0-48B4-4713-BED5-4F0AA2DF134A}.Release|x86.ActiveCfg = Release|Any CPU
		{EB4DB2F0-48B4-4713-BED5-4F0AA2DF134A}.Release|x86.Build.0 = Release|Any CPU
		{110B0CE4-3DF9-413B-B8EC-FE2BC3D913E7}.Debug|Any CPU.ActiveCfg = Debug|Any CPU
		{110B0CE4-3DF9-413B-B8EC-FE2BC3D913E7}.Debug|Any CPU.Build.0 = Debug|Any CPU
		{110B0CE4-3DF9-413B-B8EC-FE2BC3D913E7}.Debug|ARM.ActiveCfg = Debug|Any CPU
		{110B0CE4-3DF9-413B-B8EC-FE2BC3D913E7}.Debug|ARM.Build.0 = Debug|Any CPU
		{110B0CE4-3DF9-413B-B8EC-FE2BC3D913E7}.Debug|ARM64.ActiveCfg = Debug|Any CPU
		{110B0CE4-3DF9-413B-B8EC-FE2BC3D913E7}.Debug|ARM64.Build.0 = Debug|Any CPU
		{110B0CE4-3DF9-413B-B8EC-FE2BC3D913E7}.Debug|x64.ActiveCfg = Debug|Any CPU
		{110B0CE4-3DF9-413B-B8EC-FE2BC3D913E7}.Debug|x64.Build.0 = Debug|Any CPU
		{110B0CE4-3DF9-413B-B8EC-FE2BC3D913E7}.Debug|x86.ActiveCfg = Debug|Any CPU
		{110B0CE4-3DF9-413B-B8EC-FE2BC3D913E7}.Debug|x86.Build.0 = Debug|Any CPU
		{110B0CE4-3DF9-413B-B8EC-FE2BC3D913E7}.Release|Any CPU.ActiveCfg = Release|Any CPU
		{110B0CE4-3DF9-413B-B8EC-FE2BC3D913E7}.Release|Any CPU.Build.0 = Release|Any CPU
		{110B0CE4-3DF9-413B-B8EC-FE2BC3D913E7}.Release|ARM.ActiveCfg = Release|Any CPU
		{110B0CE4-3DF9-413B-B8EC-FE2BC3D913E7}.Release|ARM.Build.0 = Release|Any CPU
		{110B0CE4-3DF9-413B-B8EC-FE2BC3D913E7}.Release|ARM64.ActiveCfg = Release|Any CPU
		{110B0CE4-3DF9-413B-B8EC-FE2BC3D913E7}.Release|ARM64.Build.0 = Release|Any CPU
		{110B0CE4-3DF9-413B-B8EC-FE2BC3D913E7}.Release|x64.ActiveCfg = Release|Any CPU
		{110B0CE4-3DF9-413B-B8EC-FE2BC3D913E7}.Release|x64.Build.0 = Release|Any CPU
		{110B0CE4-3DF9-413B-B8EC-FE2BC3D913E7}.Release|x86.ActiveCfg = Release|Any CPU
		{110B0CE4-3DF9-413B-B8EC-FE2BC3D913E7}.Release|x86.Build.0 = Release|Any CPU
		{170783EE-B473-45E8-8E3B-6EE9D5C69F3C}.Debug|Any CPU.ActiveCfg = Debug|Any CPU
		{170783EE-B473-45E8-8E3B-6EE9D5C69F3C}.Debug|Any CPU.Build.0 = Debug|Any CPU
		{170783EE-B473-45E8-8E3B-6EE9D5C69F3C}.Debug|ARM.ActiveCfg = Debug|Any CPU
		{170783EE-B473-45E8-8E3B-6EE9D5C69F3C}.Debug|ARM.Build.0 = Debug|Any CPU
		{170783EE-B473-45E8-8E3B-6EE9D5C69F3C}.Debug|ARM64.ActiveCfg = Debug|Any CPU
		{170783EE-B473-45E8-8E3B-6EE9D5C69F3C}.Debug|ARM64.Build.0 = Debug|Any CPU
		{170783EE-B473-45E8-8E3B-6EE9D5C69F3C}.Debug|x64.ActiveCfg = Debug|Any CPU
		{170783EE-B473-45E8-8E3B-6EE9D5C69F3C}.Debug|x64.Build.0 = Debug|Any CPU
		{170783EE-B473-45E8-8E3B-6EE9D5C69F3C}.Debug|x86.ActiveCfg = Debug|Any CPU
		{170783EE-B473-45E8-8E3B-6EE9D5C69F3C}.Debug|x86.Build.0 = Debug|Any CPU
		{170783EE-B473-45E8-8E3B-6EE9D5C69F3C}.Release|Any CPU.ActiveCfg = Release|Any CPU
		{170783EE-B473-45E8-8E3B-6EE9D5C69F3C}.Release|Any CPU.Build.0 = Release|Any CPU
		{170783EE-B473-45E8-8E3B-6EE9D5C69F3C}.Release|ARM.ActiveCfg = Release|Any CPU
		{170783EE-B473-45E8-8E3B-6EE9D5C69F3C}.Release|ARM.Build.0 = Release|Any CPU
		{170783EE-B473-45E8-8E3B-6EE9D5C69F3C}.Release|ARM64.ActiveCfg = Release|Any CPU
		{170783EE-B473-45E8-8E3B-6EE9D5C69F3C}.Release|ARM64.Build.0 = Release|Any CPU
		{170783EE-B473-45E8-8E3B-6EE9D5C69F3C}.Release|x64.ActiveCfg = Release|Any CPU
		{170783EE-B473-45E8-8E3B-6EE9D5C69F3C}.Release|x64.Build.0 = Release|Any CPU
		{170783EE-B473-45E8-8E3B-6EE9D5C69F3C}.Release|x86.ActiveCfg = Release|Any CPU
		{170783EE-B473-45E8-8E3B-6EE9D5C69F3C}.Release|x86.Build.0 = Release|Any CPU
		{815A99D9-F802-47CD-A839-1FAD71C9AB98}.Debug|Any CPU.ActiveCfg = Debug|Any CPU
		{815A99D9-F802-47CD-A839-1FAD71C9AB98}.Debug|Any CPU.Build.0 = Debug|Any CPU
		{815A99D9-F802-47CD-A839-1FAD71C9AB98}.Debug|ARM.ActiveCfg = Debug|Any CPU
		{815A99D9-F802-47CD-A839-1FAD71C9AB98}.Debug|ARM.Build.0 = Debug|Any CPU
		{815A99D9-F802-47CD-A839-1FAD71C9AB98}.Debug|ARM64.ActiveCfg = Debug|Any CPU
		{815A99D9-F802-47CD-A839-1FAD71C9AB98}.Debug|ARM64.Build.0 = Debug|Any CPU
		{815A99D9-F802-47CD-A839-1FAD71C9AB98}.Debug|x64.ActiveCfg = Debug|Any CPU
		{815A99D9-F802-47CD-A839-1FAD71C9AB98}.Debug|x64.Build.0 = Debug|Any CPU
		{815A99D9-F802-47CD-A839-1FAD71C9AB98}.Debug|x86.ActiveCfg = Debug|Any CPU
		{815A99D9-F802-47CD-A839-1FAD71C9AB98}.Debug|x86.Build.0 = Debug|Any CPU
		{815A99D9-F802-47CD-A839-1FAD71C9AB98}.Release|Any CPU.ActiveCfg = Release|Any CPU
		{815A99D9-F802-47CD-A839-1FAD71C9AB98}.Release|Any CPU.Build.0 = Release|Any CPU
		{815A99D9-F802-47CD-A839-1FAD71C9AB98}.Release|ARM.ActiveCfg = Release|Any CPU
		{815A99D9-F802-47CD-A839-1FAD71C9AB98}.Release|ARM.Build.0 = Release|Any CPU
		{815A99D9-F802-47CD-A839-1FAD71C9AB98}.Release|ARM64.ActiveCfg = Release|Any CPU
		{815A99D9-F802-47CD-A839-1FAD71C9AB98}.Release|ARM64.Build.0 = Release|Any CPU
		{815A99D9-F802-47CD-A839-1FAD71C9AB98}.Release|x64.ActiveCfg = Release|Any CPU
		{815A99D9-F802-47CD-A839-1FAD71C9AB98}.Release|x64.Build.0 = Release|Any CPU
		{815A99D9-F802-47CD-A839-1FAD71C9AB98}.Release|x86.ActiveCfg = Release|Any CPU
		{815A99D9-F802-47CD-A839-1FAD71C9AB98}.Release|x86.Build.0 = Release|Any CPU
		{5F8C4112-73EC-4789-9295-326309669F0E}.Debug|Any CPU.ActiveCfg = Debug|Any CPU
		{5F8C4112-73EC-4789-9295-326309669F0E}.Debug|Any CPU.Build.0 = Debug|Any CPU
		{5F8C4112-73EC-4789-9295-326309669F0E}.Debug|ARM.ActiveCfg = Debug|Any CPU
		{5F8C4112-73EC-4789-9295-326309669F0E}.Debug|ARM.Build.0 = Debug|Any CPU
		{5F8C4112-73EC-4789-9295-326309669F0E}.Debug|ARM64.ActiveCfg = Debug|Any CPU
		{5F8C4112-73EC-4789-9295-326309669F0E}.Debug|ARM64.Build.0 = Debug|Any CPU
		{5F8C4112-73EC-4789-9295-326309669F0E}.Debug|x64.ActiveCfg = Debug|Any CPU
		{5F8C4112-73EC-4789-9295-326309669F0E}.Debug|x64.Build.0 = Debug|Any CPU
		{5F8C4112-73EC-4789-9295-326309669F0E}.Debug|x86.ActiveCfg = Debug|Any CPU
		{5F8C4112-73EC-4789-9295-326309669F0E}.Debug|x86.Build.0 = Debug|Any CPU
		{5F8C4112-73EC-4789-9295-326309669F0E}.Release|Any CPU.ActiveCfg = Release|Any CPU
		{5F8C4112-73EC-4789-9295-326309669F0E}.Release|Any CPU.Build.0 = Release|Any CPU
		{5F8C4112-73EC-4789-9295-326309669F0E}.Release|ARM.ActiveCfg = Release|Any CPU
		{5F8C4112-73EC-4789-9295-326309669F0E}.Release|ARM.Build.0 = Release|Any CPU
		{5F8C4112-73EC-4789-9295-326309669F0E}.Release|ARM64.ActiveCfg = Release|Any CPU
		{5F8C4112-73EC-4789-9295-326309669F0E}.Release|ARM64.Build.0 = Release|Any CPU
		{5F8C4112-73EC-4789-9295-326309669F0E}.Release|x64.ActiveCfg = Release|Any CPU
		{5F8C4112-73EC-4789-9295-326309669F0E}.Release|x64.Build.0 = Release|Any CPU
		{5F8C4112-73EC-4789-9295-326309669F0E}.Release|x86.ActiveCfg = Release|Any CPU
		{5F8C4112-73EC-4789-9295-326309669F0E}.Release|x86.Build.0 = Release|Any CPU
		{F346ACF8-4CB1-49FB-819B-972758BE6FDC}.Debug|Any CPU.ActiveCfg = Debug|Any CPU
		{F346ACF8-4CB1-49FB-819B-972758BE6FDC}.Debug|Any CPU.Build.0 = Debug|Any CPU
		{F346ACF8-4CB1-49FB-819B-972758BE6FDC}.Debug|ARM.ActiveCfg = Debug|Any CPU
		{F346ACF8-4CB1-49FB-819B-972758BE6FDC}.Debug|ARM.Build.0 = Debug|Any CPU
		{F346ACF8-4CB1-49FB-819B-972758BE6FDC}.Debug|ARM64.ActiveCfg = Debug|Any CPU
		{F346ACF8-4CB1-49FB-819B-972758BE6FDC}.Debug|ARM64.Build.0 = Debug|Any CPU
		{F346ACF8-4CB1-49FB-819B-972758BE6FDC}.Debug|x64.ActiveCfg = Debug|Any CPU
		{F346ACF8-4CB1-49FB-819B-972758BE6FDC}.Debug|x64.Build.0 = Debug|Any CPU
		{F346ACF8-4CB1-49FB-819B-972758BE6FDC}.Debug|x86.ActiveCfg = Debug|Any CPU
		{F346ACF8-4CB1-49FB-819B-972758BE6FDC}.Debug|x86.Build.0 = Debug|Any CPU
		{F346ACF8-4CB1-49FB-819B-972758BE6FDC}.Release|Any CPU.ActiveCfg = Release|Any CPU
		{F346ACF8-4CB1-49FB-819B-972758BE6FDC}.Release|Any CPU.Build.0 = Release|Any CPU
		{F346ACF8-4CB1-49FB-819B-972758BE6FDC}.Release|ARM.ActiveCfg = Release|Any CPU
		{F346ACF8-4CB1-49FB-819B-972758BE6FDC}.Release|ARM.Build.0 = Release|Any CPU
		{F346ACF8-4CB1-49FB-819B-972758BE6FDC}.Release|ARM64.ActiveCfg = Release|Any CPU
		{F346ACF8-4CB1-49FB-819B-972758BE6FDC}.Release|ARM64.Build.0 = Release|Any CPU
		{F346ACF8-4CB1-49FB-819B-972758BE6FDC}.Release|x64.ActiveCfg = Release|Any CPU
		{F346ACF8-4CB1-49FB-819B-972758BE6FDC}.Release|x64.Build.0 = Release|Any CPU
		{F346ACF8-4CB1-49FB-819B-972758BE6FDC}.Release|x86.ActiveCfg = Release|Any CPU
		{F346ACF8-4CB1-49FB-819B-972758BE6FDC}.Release|x86.Build.0 = Release|Any CPU
		{10E70BA7-7F43-4B50-A0C5-17DFC37C31CA}.Debug|Any CPU.ActiveCfg = Debug|Any CPU
		{10E70BA7-7F43-4B50-A0C5-17DFC37C31CA}.Debug|Any CPU.Build.0 = Debug|Any CPU
		{10E70BA7-7F43-4B50-A0C5-17DFC37C31CA}.Debug|ARM.ActiveCfg = Debug|Any CPU
		{10E70BA7-7F43-4B50-A0C5-17DFC37C31CA}.Debug|ARM.Build.0 = Debug|Any CPU
		{10E70BA7-7F43-4B50-A0C5-17DFC37C31CA}.Debug|ARM64.ActiveCfg = Debug|Any CPU
		{10E70BA7-7F43-4B50-A0C5-17DFC37C31CA}.Debug|ARM64.Build.0 = Debug|Any CPU
		{10E70BA7-7F43-4B50-A0C5-17DFC37C31CA}.Debug|x64.ActiveCfg = Debug|Any CPU
		{10E70BA7-7F43-4B50-A0C5-17DFC37C31CA}.Debug|x64.Build.0 = Debug|Any CPU
		{10E70BA7-7F43-4B50-A0C5-17DFC37C31CA}.Debug|x86.ActiveCfg = Debug|Any CPU
		{10E70BA7-7F43-4B50-A0C5-17DFC37C31CA}.Debug|x86.Build.0 = Debug|Any CPU
		{10E70BA7-7F43-4B50-A0C5-17DFC37C31CA}.Release|Any CPU.ActiveCfg = Release|Any CPU
		{10E70BA7-7F43-4B50-A0C5-17DFC37C31CA}.Release|Any CPU.Build.0 = Release|Any CPU
		{10E70BA7-7F43-4B50-A0C5-17DFC37C31CA}.Release|ARM.ActiveCfg = Release|Any CPU
		{10E70BA7-7F43-4B50-A0C5-17DFC37C31CA}.Release|ARM.Build.0 = Release|Any CPU
		{10E70BA7-7F43-4B50-A0C5-17DFC37C31CA}.Release|ARM64.ActiveCfg = Release|Any CPU
		{10E70BA7-7F43-4B50-A0C5-17DFC37C31CA}.Release|ARM64.Build.0 = Release|Any CPU
		{10E70BA7-7F43-4B50-A0C5-17DFC37C31CA}.Release|x64.ActiveCfg = Release|Any CPU
		{10E70BA7-7F43-4B50-A0C5-17DFC37C31CA}.Release|x64.Build.0 = Release|Any CPU
		{10E70BA7-7F43-4B50-A0C5-17DFC37C31CA}.Release|x86.ActiveCfg = Release|Any CPU
		{10E70BA7-7F43-4B50-A0C5-17DFC37C31CA}.Release|x86.Build.0 = Release|Any CPU
	EndGlobalSection
	GlobalSection(SolutionProperties) = preSolution
		HideSolutionNode = FALSE
	EndGlobalSection
	GlobalSection(NestedProjects) = preSolution
		{21AC4A6E-4436-48FD-A400-6992E9E27CEE} = {39B49894-EB2E-41E9-9A43-F010989DF411}
		{02EA681E-C7D8-13C7-8484-4AC65E1B71E8} = {FE7FEA41-844F-4E1C-A688-9F76A46AE36A}
		{06DC627D-B9DF-49F4-9F5C-2ACB9D65C512} = {02EA681E-C7D8-13C7-8484-4AC65E1B71E8}
		{D0DF548F-824A-484B-A45E-4D5B54C9710A} = {02EA681E-C7D8-13C7-8484-4AC65E1B71E8}
		{460BFB6C-73DD-448B-A6B4-4EAF5BA8A623} = {FE7FEA41-844F-4E1C-A688-9F76A46AE36A}
		{33AA1A68-4D5A-441F-A654-30B1A006668B} = {39B49894-EB2E-41E9-9A43-F010989DF411}
		{9A42B18F-834E-4354-9123-0FA2AE9D9CA9} = {FE7FEA41-844F-4E1C-A688-9F76A46AE36A}
		{E41AF4C2-1AB8-4F38-B0C4-84A9F062EF32} = {39B49894-EB2E-41E9-9A43-F010989DF411}
		{D1075516-FFE7-4733-9B88-BFBDCDE64900} = {39B49894-EB2E-41E9-9A43-F010989DF411}
		{06FB8F15-662B-4265-A3AD-976B2DAE271B} = {5C9AA6B6-8F47-78CB-ADBB-FF617570A78C}
		{A05E00FF-7676-4D20-A86D-3983FD76EB3D} = {06DC627D-B9DF-49F4-9F5C-2ACB9D65C512}
		{39B49894-EB2E-41E9-9A43-F010989DF411} = {460BFB6C-73DD-448B-A6B4-4EAF5BA8A623}
		{F1C620B1-D9FA-4310-A39E-B6BD7DE00DF7} = {5C9AA6B6-8F47-78CB-ADBB-FF617570A78C}
		{A0AD6F4B-A40F-4547-AA41-AC2F14CF35E9} = {5C9AA6B6-8F47-78CB-ADBB-FF617570A78C}
		{B0F5AB20-3907-45B2-9B15-E1417632F036} = {5C9AA6B6-8F47-78CB-ADBB-FF617570A78C}
		{4E7DBE34-EABE-4400-B625-78621D48BA7E} = {5C9AA6B6-8F47-78CB-ADBB-FF617570A78C}
		{5C9AA6B6-8F47-78CB-ADBB-FF617570A78C} = {460BFB6C-73DD-448B-A6B4-4EAF5BA8A623}
		{801838AE-7767-48BB-8240-3141C417BC36} = {5C9AA6B6-8F47-78CB-ADBB-FF617570A78C}
		{4A46E2F5-A460-4C36-A3C1-94CAE316CD08} = {5C9AA6B6-8F47-78CB-ADBB-FF617570A78C}
		{573564E1-DFB9-4814-9029-C382E5D06941} = {5C9AA6B6-8F47-78CB-ADBB-FF617570A78C}
		{ADD91D7F-F301-47DA-B4D7-583D496D0EDA} = {5C9AA6B6-8F47-78CB-ADBB-FF617570A78C}
		{F540575C-C766-4989-B45B-5FF467449C6B} = {5C9AA6B6-8F47-78CB-ADBB-FF617570A78C}
		{EB4DB2F0-48B4-4713-BED5-4F0AA2DF134A} = {5C9AA6B6-8F47-78CB-ADBB-FF617570A78C}
		{F524C375-6BDF-4BD1-BA8E-E018663AC32C} = {5C9AA6B6-8F47-78CB-ADBB-FF617570A78C}
		{AD41B3C8-A144-42ED-9F5C-796BB51C6333} = {5C9AA6B6-8F47-78CB-ADBB-FF617570A78C}
		{110B0CE4-3DF9-413B-B8EC-FE2BC3D913E7} = {06DC627D-B9DF-49F4-9F5C-2ACB9D65C512}
		{170783EE-B473-45E8-8E3B-6EE9D5C69F3C} = {D0DF548F-824A-484B-A45E-4D5B54C9710A}
		{815A99D9-F802-47CD-A839-1FAD71C9AB98} = {5C9AA6B6-8F47-78CB-ADBB-FF617570A78C}
		{5F8C4112-73EC-4789-9295-326309669F0E} = {D0DF548F-824A-484B-A45E-4D5B54C9710A}
		{F346ACF8-4CB1-49FB-819B-972758BE6FDC} = {06DC627D-B9DF-49F4-9F5C-2ACB9D65C512}
		{10E70BA7-7F43-4B50-A0C5-17DFC37C31CA} = {D0DF548F-824A-484B-A45E-4D5B54C9710A}
	EndGlobalSection
	GlobalSection(ExtensibilityGlobals) = postSolution
		SolutionGuid = {ABA6D5DA-BED8-4F66-8621-571E8319164A}
	EndGlobalSection
EndGlobal
