
Microsoft Visual Studio Solution File, Format Version 12.00
# Visual Studio Version 17
VisualStudioVersion = 17.0.31903.59
MinimumVisualStudioVersion = 10.0.40219.1
Project("{FAE04EC0-301F-11D3-BF4B-00C04F79EFBC}") = "DRX.Framework", "DRX.Framework\DRX.Framework.csproj", "{21AC4A6E-4436-48FD-A400-6992E9E27CEE}"
EndProject
Project("{2150E333-8FDC-42A3-9474-1A3956D46DE8}") = "Applications", "Applications", "{02EA681E-C7D8-13C7-8484-4AC65E1B71E8}"
EndProject
Project("{2150E333-8FDC-42A3-9474-1A3956D46DE8}") = "Library", "Library", "{FE7FEA41-844F-4E1C-A688-9F76A46AE36A}"
EndProject
Project("{FAE04EC0-301F-11D3-BF4B-00C04F79EFBC}") = "DRX.Framework.Blazor", "DRX.Framework.Blazor\DRX.Framework.Blazor.csproj", "{5B89A535-0D5B-4EBA-A547-6960D6439C04}"
EndProject
Project("{2150E333-8FDC-42A3-9474-1A3956D46DE8}") = "Clients", "Clients", "{06DC627D-B9DF-49F4-9F5C-2ACB9D65C512}"
EndProject
Project("{2150E333-8FDC-42A3-9474-1A3956D46DE8}") = "Servers", "Servers", "{D0DF548F-824A-484B-A45E-4D5B54C9710A}"
EndProject
Project("{2150E333-8FDC-42A3-9474-1A3956D46DE8}") = "Environments", "Environments", "{460BFB6C-73DD-448B-A6B4-4EAF5BA8A623}"
EndProject
Project("{2150E333-8FDC-42A3-9474-1A3956D46DE8}") = "Common", "Common", "{8869D5D5-FD5B-48E0-8BB2-0FB1223985CB}"
EndProject
Project("{2150E333-8FDC-42A3-9474-1A3956D46DE8}") = "Templates", "Templates", "{0666D2EE-F987-4AAC-977B-823476676173}"
EndProject
Project("{FAE04EC0-301F-11D3-BF4B-00C04F79EFBC}") = "Kax", "NDVDemoWinUI\Kax.csproj", "{CAE38959-763D-4604-94C6-9555AE3EB5E4}"
EndProject
Project("{FAE04EC0-301F-11D3-BF4B-00C04F79EFBC}") = "DRX.Framework.Media", "DRX.Framework.Media\DRX.Framework.Media.csproj", "{33AA1A68-4D5A-441F-A654-30B1A006668B}"
EndProject
Project("{FAE04EC0-301F-11D3-BF4B-00C04F79EFBC}") = "DRX.Library.Kax", "DRXNetwork\DRX.Library.Kax.csproj", "{E05B8D57-2F77-422E-B2D1-274268AABEBB}"
EndProject
Project("{2150E333-8FDC-42A3-9474-1A3956D46DE8}") = "Plugins", "Plugins", "{9A42B18F-834E-4354-9123-0FA2AE9D9CA9}"
EndProject
Project("{FAE04EC0-301F-11D3-BF4B-00C04F79EFBC}") = "TemplatePlugin", "TemplatePlugin\TemplatePlugin.csproj", "{2B54941B-65B3-4D2D-A8CB-81839E6085ED}"
EndProject
Project("{FAE04EC0-301F-11D3-BF4B-00C04F79EFBC}") = "KaxServer", "KaxServer\KaxServer.csproj", "{35C2FC7A-3FEE-6032-2F41-4D6C44EC8808}"
EndProject
Global
	GlobalSection(SolutionConfigurationPlatforms) = preSolution
		Debug|Any CPU = Debug|Any CPU
		Debug|ARM = Debug|ARM
		Debug|ARM64 = Debug|ARM64
		Debug|x64 = Debug|x64
		Debug|x86 = Debug|x86
		Release|Any CPU = Release|Any CPU
		Release|ARM = Release|ARM
		Release|ARM64 = Release|ARM64
		Release|x64 = Release|x64
		Release|x86 = Release|x86
	EndGlobalSection
	GlobalSection(ProjectConfigurationPlatforms) = postSolution
		{21AC4A6E-4436-48FD-A400-6992E9E27CEE}.Debug|Any CPU.ActiveCfg = Debug|Any CPU
		{21AC4A6E-4436-48FD-A400-6992E9E27CEE}.Debug|Any CPU.Build.0 = Debug|Any CPU
		{21AC4A6E-4436-48FD-A400-6992E9E27CEE}.Debug|ARM.ActiveCfg = Debug|Any CPU
		{21AC4A6E-4436-48FD-A400-6992E9E27CEE}.Debug|ARM.Build.0 = Debug|Any CPU
		{21AC4A6E-4436-48FD-A400-6992E9E27CEE}.Debug|ARM64.ActiveCfg = Debug|Any CPU
		{21AC4A6E-4436-48FD-A400-6992E9E27CEE}.Debug|ARM64.Build.0 = Debug|Any CPU
		{21AC4A6E-4436-48FD-A400-6992E9E27CEE}.Debug|x64.ActiveCfg = Debug|Any CPU
		{21AC4A6E-4436-48FD-A400-6992E9E27CEE}.Debug|x64.Build.0 = Debug|Any CPU
		{21AC4A6E-4436-48FD-A400-6992E9E27CEE}.Debug|x86.ActiveCfg = Debug|Any CPU
		{21AC4A6E-4436-48FD-A400-6992E9E27CEE}.Debug|x86.Build.0 = Debug|Any CPU
		{21AC4A6E-4436-48FD-A400-6992E9E27CEE}.Release|Any CPU.ActiveCfg = Release|Any CPU
		{21AC4A6E-4436-48FD-A400-6992E9E27CEE}.Release|Any CPU.Build.0 = Release|Any CPU
		{21AC4A6E-4436-48FD-A400-6992E9E27CEE}.Release|ARM.ActiveCfg = Release|Any CPU
		{21AC4A6E-4436-48FD-A400-6992E9E27CEE}.Release|ARM.Build.0 = Release|Any CPU
		{21AC4A6E-4436-48FD-A400-6992E9E27CEE}.Release|ARM64.ActiveCfg = Release|Any CPU
		{21AC4A6E-4436-48FD-A400-6992E9E27CEE}.Release|ARM64.Build.0 = Release|Any CPU
		{21AC4A6E-4436-48FD-A400-6992E9E27CEE}.Release|x64.ActiveCfg = Release|Any CPU
		{21AC4A6E-4436-48FD-A400-6992E9E27CEE}.Release|x64.Build.0 = Release|Any CPU
		{21AC4A6E-4436-48FD-A400-6992E9E27CEE}.Release|x86.ActiveCfg = Release|Any CPU
		{21AC4A6E-4436-48FD-A400-6992E9E27CEE}.Release|x86.Build.0 = Release|Any CPU
		{5B89A535-0D5B-4EBA-A547-6960D6439C04}.Debug|Any CPU.ActiveCfg = Debug|Any CPU
		{5B89A535-0D5B-4EBA-A547-6960D6439C04}.Debug|Any CPU.Build.0 = Debug|Any CPU
		{5B89A535-0D5B-4EBA-A547-6960D6439C04}.Debug|ARM.ActiveCfg = Debug|Any CPU
		{5B89A535-0D5B-4EBA-A547-6960D6439C04}.Debug|ARM.Build.0 = Debug|Any CPU
		{5B89A535-0D5B-4EBA-A547-6960D6439C04}.Debug|ARM64.ActiveCfg = Debug|Any CPU
		{5B89A535-0D5B-4EBA-A547-6960D6439C04}.Debug|ARM64.Build.0 = Debug|Any CPU
		{5B89A535-0D5B-4EBA-A547-6960D6439C04}.Debug|x64.ActiveCfg = Debug|Any CPU
		{5B89A535-0D5B-4EBA-A547-6960D6439C04}.Debug|x64.Build.0 = Debug|Any CPU
		{5B89A535-0D5B-4EBA-A547-6960D6439C04}.Debug|x86.ActiveCfg = Debug|Any CPU
		{5B89A535-0D5B-4EBA-A547-6960D6439C04}.Debug|x86.Build.0 = Debug|Any CPU
		{5B89A535-0D5B-4EBA-A547-6960D6439C04}.Release|Any CPU.ActiveCfg = Release|Any CPU
		{5B89A535-0D5B-4EBA-A547-6960D6439C04}.Release|Any CPU.Build.0 = Release|Any CPU
		{5B89A535-0D5B-4EBA-A547-6960D6439C04}.Release|ARM.ActiveCfg = Release|Any CPU
		{5B89A535-0D5B-4EBA-A547-6960D6439C04}.Release|ARM.Build.0 = Release|Any CPU
		{5B89A535-0D5B-4EBA-A547-6960D6439C04}.Release|ARM64.ActiveCfg = Release|Any CPU
		{5B89A535-0D5B-4EBA-A547-6960D6439C04}.Release|ARM64.Build.0 = Release|Any CPU
		{5B89A535-0D5B-4EBA-A547-6960D6439C04}.Release|x64.ActiveCfg = Release|Any CPU
		{5B89A535-0D5B-4EBA-A547-6960D6439C04}.Release|x64.Build.0 = Release|Any CPU
		{5B89A535-0D5B-4EBA-A547-6960D6439C04}.Release|x86.ActiveCfg = Release|Any CPU
		{5B89A535-0D5B-4EBA-A547-6960D6439C04}.Release|x86.Build.0 = Release|Any CPU
		{CAE38959-763D-4604-94C6-9555AE3EB5E4}.Debug|Any CPU.ActiveCfg = Debug|x64
		{CAE38959-763D-4604-94C6-9555AE3EB5E4}.Debug|Any CPU.Build.0 = Debug|x64
		{CAE38959-763D-4604-94C6-9555AE3EB5E4}.Debug|Any CPU.Deploy.0 = Debug|x64
		{CAE38959-763D-4604-94C6-9555AE3EB5E4}.Debug|ARM.ActiveCfg = Debug|x64
		{CAE38959-763D-4604-94C6-9555AE3EB5E4}.Debug|ARM.Build.0 = Debug|x64
		{CAE38959-763D-4604-94C6-9555AE3EB5E4}.Debug|ARM.Deploy.0 = Debug|x64
		{CAE38959-763D-4604-94C6-9555AE3EB5E4}.Debug|ARM64.ActiveCfg = Debug|ARM64
		{CAE38959-763D-4604-94C6-9555AE3EB5E4}.Debug|ARM64.Build.0 = Debug|ARM64
		{CAE38959-763D-4604-94C6-9555AE3EB5E4}.Debug|ARM64.Deploy.0 = Debug|ARM64
		{CAE38959-763D-4604-94C6-9555AE3EB5E4}.Debug|x64.ActiveCfg = Debug|x64
		{CAE38959-763D-4604-94C6-9555AE3EB5E4}.Debug|x64.Build.0 = Debug|x64
		{CAE38959-763D-4604-94C6-9555AE3EB5E4}.Debug|x64.Deploy.0 = Debug|x64
		{CAE38959-763D-4604-94C6-9555AE3EB5E4}.Debug|x86.ActiveCfg = Debug|x86
		{CAE38959-763D-4604-94C6-9555AE3EB5E4}.Debug|x86.Build.0 = Debug|x86
		{CAE38959-763D-4604-94C6-9555AE3EB5E4}.Debug|x86.Deploy.0 = Debug|x86
		{CAE38959-763D-4604-94C6-9555AE3EB5E4}.Release|Any CPU.ActiveCfg = Release|x64
		{CAE38959-763D-4604-94C6-9555AE3EB5E4}.Release|Any CPU.Build.0 = Release|x64
		{CAE38959-763D-4604-94C6-9555AE3EB5E4}.Release|Any CPU.Deploy.0 = Release|x64
		{CAE38959-763D-4604-94C6-9555AE3EB5E4}.Release|ARM.ActiveCfg = Release|x64
		{CAE38959-763D-4604-94C6-9555AE3EB5E4}.Release|ARM.Build.0 = Release|x64
		{CAE38959-763D-4604-94C6-9555AE3EB5E4}.Release|ARM.Deploy.0 = Release|x64
		{CAE38959-763D-4604-94C6-9555AE3EB5E4}.Release|ARM64.ActiveCfg = Release|ARM64
		{CAE38959-763D-4604-94C6-9555AE3EB5E4}.Release|ARM64.Build.0 = Release|ARM64
		{CAE38959-763D-4604-94C6-9555AE3EB5E4}.Release|ARM64.Deploy.0 = Release|ARM64
		{CAE38959-763D-4604-94C6-9555AE3EB5E4}.Release|x64.ActiveCfg = Release|x64
		{CAE38959-763D-4604-94C6-9555AE3EB5E4}.Release|x64.Build.0 = Release|x64
		{CAE38959-763D-4604-94C6-9555AE3EB5E4}.Release|x64.Deploy.0 = Release|x64
		{CAE38959-763D-4604-94C6-9555AE3EB5E4}.Release|x86.ActiveCfg = Release|x86
		{CAE38959-763D-4604-94C6-9555AE3EB5E4}.Release|x86.Build.0 = Release|x86
		{CAE38959-763D-4604-94C6-9555AE3EB5E4}.Release|x86.Deploy.0 = Release|x86
		{33AA1A68-4D5A-441F-A654-30B1A006668B}.Debug|Any CPU.ActiveCfg = Debug|Any CPU
		{33AA1A68-4D5A-441F-A654-30B1A006668B}.Debug|Any CPU.Build.0 = Debug|Any CPU
		{33AA1A68-4D5A-441F-A654-30B1A006668B}.Debug|ARM.ActiveCfg = Debug|Any CPU
		{33AA1A68-4D5A-441F-A654-30B1A006668B}.Debug|ARM.Build.0 = Debug|Any CPU
		{33AA1A68-4D5A-441F-A654-30B1A006668B}.Debug|ARM64.ActiveCfg = Debug|Any CPU
		{33AA1A68-4D5A-441F-A654-30B1A006668B}.Debug|ARM64.Build.0 = Debug|Any CPU
		{33AA1A68-4D5A-441F-A654-30B1A006668B}.Debug|x64.ActiveCfg = Debug|Any CPU
		{33AA1A68-4D5A-441F-A654-30B1A006668B}.Debug|x64.Build.0 = Debug|Any CPU
		{33AA1A68-4D5A-441F-A654-30B1A006668B}.Debug|x86.ActiveCfg = Debug|Any CPU
		{33AA1A68-4D5A-441F-A654-30B1A006668B}.Debug|x86.Build.0 = Debug|Any CPU
		{33AA1A68-4D5A-441F-A654-30B1A006668B}.Release|Any CPU.ActiveCfg = Release|Any CPU
		{33AA1A68-4D5A-441F-A654-30B1A006668B}.Release|Any CPU.Build.0 = Release|Any CPU
		{33AA1A68-4D5A-441F-A654-30B1A006668B}.Release|ARM.ActiveCfg = Release|Any CPU
		{33AA1A68-4D5A-441F-A654-30B1A006668B}.Release|ARM.Build.0 = Release|Any CPU
		{33AA1A68-4D5A-441F-A654-30B1A006668B}.Release|ARM64.ActiveCfg = Release|Any CPU
		{33AA1A68-4D5A-441F-A654-30B1A006668B}.Release|ARM64.Build.0 = Release|Any CPU
		{33AA1A68-4D5A-441F-A654-30B1A006668B}.Release|x64.ActiveCfg = Release|Any CPU
		{33AA1A68-4D5A-441F-A654-30B1A006668B}.Release|x64.Build.0 = Release|Any CPU
		{33AA1A68-4D5A-441F-A654-30B1A006668B}.Release|x86.ActiveCfg = Release|Any CPU
		{33AA1A68-4D5A-441F-A654-30B1A006668B}.Release|x86.Build.0 = Release|Any CPU
		{E05B8D57-2F77-422E-B2D1-274268AABEBB}.Debug|Any CPU.ActiveCfg = Debug|Any CPU
		{E05B8D57-2F77-422E-B2D1-274268AABEBB}.Debug|Any CPU.Build.0 = Debug|Any CPU
		{E05B8D57-2F77-422E-B2D1-274268AABEBB}.Debug|ARM.ActiveCfg = Debug|Any CPU
		{E05B8D57-2F77-422E-B2D1-274268AABEBB}.Debug|ARM.Build.0 = Debug|Any CPU
		{E05B8D57-2F77-422E-B2D1-274268AABEBB}.Debug|ARM64.ActiveCfg = Debug|Any CPU
		{E05B8D57-2F77-422E-B2D1-274268AABEBB}.Debug|ARM64.Build.0 = Debug|Any CPU
		{E05B8D57-2F77-422E-B2D1-274268AABEBB}.Debug|x64.ActiveCfg = Debug|Any CPU
		{E05B8D57-2F77-422E-B2D1-274268AABEBB}.Debug|x64.Build.0 = Debug|Any CPU
		{E05B8D57-2F77-422E-B2D1-274268AABEBB}.Debug|x86.ActiveCfg = Debug|Any CPU
		{E05B8D57-2F77-422E-B2D1-274268AABEBB}.Debug|x86.Build.0 = Debug|Any CPU
		{E05B8D57-2F77-422E-B2D1-274268AABEBB}.Release|Any CPU.ActiveCfg = Release|Any CPU
		{E05B8D57-2F77-422E-B2D1-274268AABEBB}.Release|Any CPU.Build.0 = Release|Any CPU
		{E05B8D57-2F77-422E-B2D1-274268AABEBB}.Release|ARM.ActiveCfg = Release|Any CPU
		{E05B8D57-2F77-422E-B2D1-274268AABEBB}.Release|ARM.Build.0 = Release|Any CPU
		{E05B8D57-2F77-422E-B2D1-274268AABEBB}.Release|ARM64.ActiveCfg = Release|Any CPU
		{E05B8D57-2F77-422E-B2D1-274268AABEBB}.Release|ARM64.Build.0 = Release|Any CPU
		{E05B8D57-2F77-422E-B2D1-274268AABEBB}.Release|x64.ActiveCfg = Release|Any CPU
		{E05B8D57-2F77-422E-B2D1-274268AABEBB}.Release|x64.Build.0 = Release|Any CPU
		{E05B8D57-2F77-422E-B2D1-274268AABEBB}.Release|x86.ActiveCfg = Release|Any CPU
		{E05B8D57-2F77-422E-B2D1-274268AABEBB}.Release|x86.Build.0 = Release|Any CPU
		{2B54941B-65B3-4D2D-A8CB-81839E6085ED}.Debug|Any CPU.ActiveCfg = Debug|Any CPU
		{2B54941B-65B3-4D2D-A8CB-81839E6085ED}.Debug|Any CPU.Build.0 = Debug|Any CPU
		{2B54941B-65B3-4D2D-A8CB-81839E6085ED}.Debug|ARM.ActiveCfg = Debug|Any CPU
		{2B54941B-65B3-4D2D-A8CB-81839E6085ED}.Debug|ARM.Build.0 = Debug|Any CPU
		{2B54941B-65B3-4D2D-A8CB-81839E6085ED}.Debug|ARM64.ActiveCfg = Debug|Any CPU
		{2B54941B-65B3-4D2D-A8CB-81839E6085ED}.Debug|ARM64.Build.0 = Debug|Any CPU
		{2B54941B-65B3-4D2D-A8CB-81839E6085ED}.Debug|x64.ActiveCfg = Debug|Any CPU
		{2B54941B-65B3-4D2D-A8CB-81839E6085ED}.Debug|x64.Build.0 = Debug|Any CPU
		{2B54941B-65B3-4D2D-A8CB-81839E6085ED}.Debug|x86.ActiveCfg = Debug|Any CPU
		{2B54941B-65B3-4D2D-A8CB-81839E6085ED}.Debug|x86.Build.0 = Debug|Any CPU
		{2B54941B-65B3-4D2D-A8CB-81839E6085ED}.Release|Any CPU.ActiveCfg = Release|Any CPU
		{2B54941B-65B3-4D2D-A8CB-81839E6085ED}.Release|Any CPU.Build.0 = Release|Any CPU
		{2B54941B-65B3-4D2D-A8CB-81839E6085ED}.Release|ARM.ActiveCfg = Release|Any CPU
		{2B54941B-65B3-4D2D-A8CB-81839E6085ED}.Release|ARM.Build.0 = Release|Any CPU
		{2B54941B-65B3-4D2D-A8CB-81839E6085ED}.Release|ARM64.ActiveCfg = Release|Any CPU
		{2B54941B-65B3-4D2D-A8CB-81839E6085ED}.Release|ARM64.Build.0 = Release|Any CPU
		{2B54941B-65B3-4D2D-A8CB-81839E6085ED}.Release|x64.ActiveCfg = Release|Any CPU
		{2B54941B-65B3-4D2D-A8CB-81839E6085ED}.Release|x64.Build.0 = Release|Any CPU
		{2B54941B-65B3-4D2D-A8CB-81839E6085ED}.Release|x86.ActiveCfg = Release|Any CPU
		{2B54941B-65B3-4D2D-A8CB-81839E6085ED}.Release|x86.Build.0 = Release|Any CPU
		{35C2FC7A-3FEE-6032-2F41-4D6C44EC8808}.Debug|Any CPU.ActiveCfg = Debug|Any CPU
		{35C2FC7A-3FEE-6032-2F41-4D6C44EC8808}.Debug|Any CPU.Build.0 = Debug|Any CPU
		{35C2FC7A-3FEE-6032-2F41-4D6C44EC8808}.Debug|ARM.ActiveCfg = Debug|Any CPU
		{35C2FC7A-3FEE-6032-2F41-4D6C44EC8808}.Debug|ARM.Build.0 = Debug|Any CPU
		{35C2FC7A-3FEE-6032-2F41-4D6C44EC8808}.Debug|ARM64.ActiveCfg = Debug|Any CPU
		{35C2FC7A-3FEE-6032-2F41-4D6C44EC8808}.Debug|ARM64.Build.0 = Debug|Any CPU
		{35C2FC7A-3FEE-6032-2F41-4D6C44EC8808}.Debug|x64.ActiveCfg = Debug|Any CPU
		{35C2FC7A-3FEE-6032-2F41-4D6C44EC8808}.Debug|x64.Build.0 = Debug|Any CPU
		{35C2FC7A-3FEE-6032-2F41-4D6C44EC8808}.Debug|x86.ActiveCfg = Debug|Any CPU
		{35C2FC7A-3FEE-6032-2F41-4D6C44EC8808}.Debug|x86.Build.0 = Debug|Any CPU
		{35C2FC7A-3FEE-6032-2F41-4D6C44EC8808}.Release|Any CPU.ActiveCfg = Release|Any CPU
		{35C2FC7A-3FEE-6032-2F41-4D6C44EC8808}.Release|Any CPU.Build.0 = Release|Any CPU
		{35C2FC7A-3FEE-6032-2F41-4D6C44EC8808}.Release|ARM.ActiveCfg = Release|Any CPU
		{35C2FC7A-3FEE-6032-2F41-4D6C44EC8808}.Release|ARM.Build.0 = Release|Any CPU
		{35C2FC7A-3FEE-6032-2F41-4D6C44EC8808}.Release|ARM64.ActiveCfg = Release|Any CPU
		{35C2FC7A-3FEE-6032-2F41-4D6C44EC8808}.Release|ARM64.Build.0 = Release|Any CPU
		{35C2FC7A-3FEE-6032-2F41-4D6C44EC8808}.Release|x64.ActiveCfg = Release|Any CPU
		{35C2FC7A-3FEE-6032-2F41-4D6C44EC8808}.Release|x64.Build.0 = Release|Any CPU
		{35C2FC7A-3FEE-6032-2F41-4D6C44EC8808}.Release|x86.ActiveCfg = Release|Any CPU
		{35C2FC7A-3FEE-6032-2F41-4D6C44EC8808}.Release|x86.Build.0 = Release|Any CPU
	EndGlobalSection
	GlobalSection(SolutionProperties) = preSolution
		HideSolutionNode = FALSE
	EndGlobalSection
	GlobalSection(NestedProjects) = preSolution
		{21AC4A6E-4436-48FD-A400-6992E9E27CEE} = {460BFB6C-73DD-448B-A6B4-4EAF5BA8A623}
		{02EA681E-C7D8-13C7-8484-4AC65E1B71E8} = {FE7FEA41-844F-4E1C-A688-9F76A46AE36A}
		{5B89A535-0D5B-4EBA-A547-6960D6439C04} = {460BFB6C-73DD-448B-A6B4-4EAF5BA8A623}
		{06DC627D-B9DF-49F4-9F5C-2ACB9D65C512} = {02EA681E-C7D8-13C7-8484-4AC65E1B71E8}
		{D0DF548F-824A-484B-A45E-4D5B54C9710A} = {02EA681E-C7D8-13C7-8484-4AC65E1B71E8}
		{460BFB6C-73DD-448B-A6B4-4EAF5BA8A623} = {FE7FEA41-844F-4E1C-A688-9F76A46AE36A}
		{8869D5D5-FD5B-48E0-8BB2-0FB1223985CB} = {FE7FEA41-844F-4E1C-A688-9F76A46AE36A}
		{CAE38959-763D-4604-94C6-9555AE3EB5E4} = {06DC627D-B9DF-49F4-9F5C-2ACB9D65C512}
		{33AA1A68-4D5A-441F-A654-30B1A006668B} = {460BFB6C-73DD-448B-A6B4-4EAF5BA8A623}
		{E05B8D57-2F77-422E-B2D1-274268AABEBB} = {8869D5D5-FD5B-48E0-8BB2-0FB1223985CB}
		{9A42B18F-834E-4354-9123-0FA2AE9D9CA9} = {FE7FEA41-844F-4E1C-A688-9F76A46AE36A}
		{2B54941B-65B3-4D2D-A8CB-81839E6085ED} = {9A42B18F-834E-4354-9123-0FA2AE9D9CA9}
		{35C2FC7A-3FEE-6032-2F41-4D6C44EC8808} = {D0DF548F-824A-484B-A45E-4D5B54C9710A}
	EndGlobalSection
	GlobalSection(ExtensibilityGlobals) = postSolution
		SolutionGuid = {ABA6D5DA-BED8-4F66-8621-571E8319164A}
	EndGlobalSection
EndGlobal
