
Microsoft Visual Studio Solution File, Format Version 12.00
# Visual Studio Version 17
VisualStudioVersion = 17.0.31903.59
MinimumVisualStudioVersion = 10.0.40219.1
Project("{FAE04EC0-301F-11D3-BF4B-00C04F79EFBC}") = "DRX.Framework", "DRX.Framework\DRX.Framework.csproj", "{21AC4A6E-4436-48FD-A400-6992E9E27CEE}"
EndProject
Project("{2150E333-8FDC-42A3-9474-1A3956D46DE8}") = "Applications", "Applications", "{02EA681E-C7D8-13C7-8484-4AC65E1B71E8}"
EndProject
Project("{2150E333-8FDC-42A3-9474-1A3956D46DE8}") = "Library", "Library", "{FE7FEA41-844F-4E1C-A688-9F76A46AE36A}"
EndProject
Project("{FAE04EC0-301F-11D3-BF4B-00C04F79EFBC}") = "DRX.Framework.Blazor", "DRX.Framework.Blazor\DRX.Framework.Blazor.csproj", "{5B89A535-0D5B-4EBA-A547-6960D6439C04}"
EndProject
Project("{2150E333-8FDC-42A3-9474-1A3956D46DE8}") = "Clients", "Clients", "{06DC627D-B9DF-49F4-9F5C-2ACB9D65C512}"
EndProject
Project("{2150E333-8FDC-42A3-9474-1A3956D46DE8}") = "Servers", "Servers", "{D0DF548F-824A-484B-A45E-4D5B54C9710A}"
EndProject
Project("{2150E333-8FDC-42A3-9474-1A3956D46DE8}") = "Environments", "Environments", "{460BFB6C-73DD-448B-A6B4-4EAF5BA8A623}"
EndProject
Project("{2150E333-8FDC-42A3-9474-1A3956D46DE8}") = "Common", "Common", "{8869D5D5-FD5B-48E0-8BB2-0FB1223985CB}"
EndProject
Project("{2150E333-8FDC-42A3-9474-1A3956D46DE8}") = "Templates", "Templates", "{0666D2EE-F987-4AAC-977B-823476676173}"
EndProject
Project("{FAE04EC0-301F-11D3-BF4B-00C04F79EFBC}") = "Kax", "NDVDemoWinUI\Kax.csproj", "{CAE38959-763D-4604-94C6-9555AE3EB5E4}"
EndProject
Project("{FAE04EC0-301F-11D3-BF4B-00C04F79EFBC}") = "DRX.Framework.Media", "DRX.Framework.Media\DRX.Framework.Media.csproj", "{33AA1A68-4D5A-441F-A654-30B1A006668B}"
EndProject
Project("{FAE04EC0-301F-11D3-BF4B-00C04F79EFBC}") = "DRX.Library.Kax", "DRXNetwork\DRX.Library.Kax.csproj", "{E05B8D57-2F77-422E-B2D1-274268AABEBB}"
EndProject
Project("{2150E333-8FDC-42A3-9474-1A3956D46DE8}") = "Plugins", "Plugins", "{9A42B18F-834E-4354-9123-0FA2AE9D9CA9}"
EndProject
Project("{FAE04EC0-301F-11D3-BF4B-00C04F79EFBC}") = "TemplatePlugin", "TemplatePlugin\TemplatePlugin.csproj", "{2B54941B-65B3-4D2D-A8CB-81839E6085ED}"
EndProject
Project("{FAE04EC0-301F-11D3-BF4B-00C04F79EFBC}") = "DRX.Framework.Chat", "DRX.Framework.Chat\DRX.Framework.Chat.csproj", "{E41AF4C2-1AB8-4F38-B0C4-84A9F062EF32}"
EndProject
Project("{FAE04EC0-301F-11D3-BF4B-00C04F79EFBC}") = "Drx.Framework.Memory", "Drx.Framework.Memory\Drx.Framework.Memory.csproj", "{D1075516-FFE7-4733-9B88-BFBDCDE64900}"
EndProject
Project("{FAE04EC0-301F-11D3-BF4B-00C04F79EFBC}") = "Drx.Sdk", "SDK\Drx.Sdk\Drx.Sdk.csproj", "{3259860A-7827-4608-B5D0-3BA7FB33191E}"
EndProject
Project("{FAE04EC0-301F-11D3-BF4B-00C04F79EFBC}") = "Drx.Sdk.Memory", "Drx.Sdk.Memory\Drx.Sdk.Memory.csproj", "{06FB8F15-662B-4265-A3AD-976B2DAE271B}"
EndProject
Project("{FAE04EC0-301F-11D3-BF4B-00C04F79EFBC}") = "Drx.Sdk.GUI", "SDK\Drx.Sdk.GUI\Drx.Sdk.GUI.csproj", "{5FF518A5-764F-4F39-A7B3-47D8407D74C9}"
EndProject
Project("{8BC9CEB8-8B4A-11D0-8D11-00A0C91BC942}") = "Drx.Sdk.MemoryCpp", "SDK\Drx.Sdk.MemoryCpp\Drx.Sdk.MemoryCpp.vcxproj", "{27A4D929-7EB2-4392-BCDD-E54C250BF3FA}"
EndProject
Project("{FAE04EC0-301F-11D3-BF4B-00C04F79EFBC}") = "DLTools", "DLTools\DLTools.csproj", "{A05E00FF-7676-4D20-A86D-3983FD76EB3D}"
EndProject
Project("{FAE04EC0-301F-11D3-BF4B-00C04F79EFBC}") = "DRXServer", "DRXServer\DRXServer.csproj", "{60BFE23A-D609-4088-A1FB-4C6B18334C27}"
EndProject
Project("{2150E333-8FDC-42A3-9474-1A3956D46DE8}") = "SDK", "SDK", "{4A2F969B-89E0-400A-841B-458492E64346}"
EndProject
Project("{2150E333-8FDC-42A3-9474-1A3956D46DE8}") = "Framework", "Framework", "{39B49894-EB2E-41E9-9A43-F010989DF411}"
EndProject
Project("{FAE04EC0-301F-11D3-BF4B-00C04F79EFBC}") = "Drx.Sdk.Json", "Drx.Sdk.Json\Drx.Sdk.Json.csproj", "{F1C620B1-D9FA-4310-A39E-B6BD7DE00DF7}"
EndProject
Global
	GlobalSection(SolutionConfigurationPlatforms) = preSolution
		Debug|Any CPU = Debug|Any CPU
		Debug|ARM = Debug|ARM
		Debug|ARM64 = Debug|ARM64
		Debug|x64 = Debug|x64
		Debug|x86 = Debug|x86
		Release|Any CPU = Release|Any CPU
		Release|ARM = Release|ARM
		Release|ARM64 = Release|ARM64
		Release|x64 = Release|x64
		Release|x86 = Release|x86
	EndGlobalSection
	GlobalSection(ProjectConfigurationPlatforms) = postSolution
		{21AC4A6E-4436-48FD-A400-6992E9E27CEE}.Debug|Any CPU.ActiveCfg = Debug|Any CPU
		{21AC4A6E-4436-48FD-A400-6992E9E27CEE}.Debug|Any CPU.Build.0 = Debug|Any CPU
		{21AC4A6E-4436-48FD-A400-6992E9E27CEE}.Debug|ARM.ActiveCfg = Debug|Any CPU
		{21AC4A6E-4436-48FD-A400-6992E9E27CEE}.Debug|ARM.Build.0 = Debug|Any CPU
		{21AC4A6E-4436-48FD-A400-6992E9E27CEE}.Debug|ARM64.ActiveCfg = Debug|Any CPU
		{21AC4A6E-4436-48FD-A400-6992E9E27CEE}.Debug|ARM64.Build.0 = Debug|Any CPU
		{21AC4A6E-4436-48FD-A400-6992E9E27CEE}.Debug|x64.ActiveCfg = Debug|Any CPU
		{21AC4A6E-4436-48FD-A400-6992E9E27CEE}.Debug|x64.Build.0 = Debug|Any CPU
		{21AC4A6E-4436-48FD-A400-6992E9E27CEE}.Debug|x86.ActiveCfg = Debug|Any CPU
		{21AC4A6E-4436-48FD-A400-6992E9E27CEE}.Debug|x86.Build.0 = Debug|Any CPU
		{21AC4A6E-4436-48FD-A400-6992E9E27CEE}.Release|Any CPU.ActiveCfg = Release|Any CPU
		{21AC4A6E-4436-48FD-A400-6992E9E27CEE}.Release|Any CPU.Build.0 = Release|Any CPU
		{21AC4A6E-4436-48FD-A400-6992E9E27CEE}.Release|ARM.ActiveCfg = Release|Any CPU
		{21AC4A6E-4436-48FD-A400-6992E9E27CEE}.Release|ARM.Build.0 = Release|Any CPU
		{21AC4A6E-4436-48FD-A400-6992E9E27CEE}.Release|ARM64.ActiveCfg = Release|Any CPU
		{21AC4A6E-4436-48FD-A400-6992E9E27CEE}.Release|ARM64.Build.0 = Release|Any CPU
		{21AC4A6E-4436-48FD-A400-6992E9E27CEE}.Release|x64.ActiveCfg = Release|Any CPU
		{21AC4A6E-4436-48FD-A400-6992E9E27CEE}.Release|x64.Build.0 = Release|Any CPU
		{21AC4A6E-4436-48FD-A400-6992E9E27CEE}.Release|x86.ActiveCfg = Release|Any CPU
		{21AC4A6E-4436-48FD-A400-6992E9E27CEE}.Release|x86.Build.0 = Release|Any CPU
		{5B89A535-0D5B-4EBA-A547-6960D6439C04}.Debug|Any CPU.ActiveCfg = Debug|Any CPU
		{5B89A535-0D5B-4EBA-A547-6960D6439C04}.Debug|Any CPU.Build.0 = Debug|Any CPU
		{5B89A535-0D5B-4EBA-A547-6960D6439C04}.Debug|ARM.ActiveCfg = Debug|Any CPU
		{5B89A535-0D5B-4EBA-A547-6960D6439C04}.Debug|ARM.Build.0 = Debug|Any CPU
		{5B89A535-0D5B-4EBA-A547-6960D6439C04}.Debug|ARM64.ActiveCfg = Debug|Any CPU
		{5B89A535-0D5B-4EBA-A547-6960D6439C04}.Debug|ARM64.Build.0 = Debug|Any CPU
		{5B89A535-0D5B-4EBA-A547-6960D6439C04}.Debug|x64.ActiveCfg = Debug|Any CPU
		{5B89A535-0D5B-4EBA-A547-6960D6439C04}.Debug|x64.Build.0 = Debug|Any CPU
		{5B89A535-0D5B-4EBA-A547-6960D6439C04}.Debug|x86.ActiveCfg = Debug|Any CPU
		{5B89A535-0D5B-4EBA-A547-6960D6439C04}.Debug|x86.Build.0 = Debug|Any CPU
		{5B89A535-0D5B-4EBA-A547-6960D6439C04}.Release|Any CPU.ActiveCfg = Release|Any CPU
		{5B89A535-0D5B-4EBA-A547-6960D6439C04}.Release|Any CPU.Build.0 = Release|Any CPU
		{5B89A535-0D5B-4EBA-A547-6960D6439C04}.Release|ARM.ActiveCfg = Release|Any CPU
		{5B89A535-0D5B-4EBA-A547-6960D6439C04}.Release|ARM.Build.0 = Release|Any CPU
		{5B89A535-0D5B-4EBA-A547-6960D6439C04}.Release|ARM64.ActiveCfg = Release|Any CPU
		{5B89A535-0D5B-4EBA-A547-6960D6439C04}.Release|ARM64.Build.0 = Release|Any CPU
		{5B89A535-0D5B-4EBA-A547-6960D6439C04}.Release|x64.ActiveCfg = Release|Any CPU
		{5B89A535-0D5B-4EBA-A547-6960D6439C04}.Release|x64.Build.0 = Release|Any CPU
		{5B89A535-0D5B-4EBA-A547-6960D6439C04}.Release|x86.ActiveCfg = Release|Any CPU
		{5B89A535-0D5B-4EBA-A547-6960D6439C04}.Release|x86.Build.0 = Release|Any CPU
		{CAE38959-763D-4604-94C6-9555AE3EB5E4}.Debug|Any CPU.ActiveCfg = Debug|x64
		{CAE38959-763D-4604-94C6-9555AE3EB5E4}.Debug|Any CPU.Build.0 = Debug|x64
		{CAE38959-763D-4604-94C6-9555AE3EB5E4}.Debug|Any CPU.Deploy.0 = Debug|x64
		{CAE38959-763D-4604-94C6-9555AE3EB5E4}.Debug|ARM.ActiveCfg = Debug|x64
		{CAE38959-763D-4604-94C6-9555AE3EB5E4}.Debug|ARM.Build.0 = Debug|x64
		{CAE38959-763D-4604-94C6-9555AE3EB5E4}.Debug|ARM.Deploy.0 = Debug|x64
		{CAE38959-763D-4604-94C6-9555AE3EB5E4}.Debug|ARM64.ActiveCfg = Debug|ARM64
		{CAE38959-763D-4604-94C6-9555AE3EB5E4}.Debug|ARM64.Build.0 = Debug|ARM64
		{CAE38959-763D-4604-94C6-9555AE3EB5E4}.Debug|ARM64.Deploy.0 = Debug|ARM64
		{CAE38959-763D-4604-94C6-9555AE3EB5E4}.Debug|x64.ActiveCfg = Debug|x64
		{CAE38959-763D-4604-94C6-9555AE3EB5E4}.Debug|x64.Build.0 = Debug|x64
		{CAE38959-763D-4604-94C6-9555AE3EB5E4}.Debug|x64.Deploy.0 = Debug|x64
		{CAE38959-763D-4604-94C6-9555AE3EB5E4}.Debug|x86.ActiveCfg = Debug|x86
		{CAE38959-763D-4604-94C6-9555AE3EB5E4}.Debug|x86.Build.0 = Debug|x86
		{CAE38959-763D-4604-94C6-9555AE3EB5E4}.Debug|x86.Deploy.0 = Debug|x86
		{CAE38959-763D-4604-94C6-9555AE3EB5E4}.Release|Any CPU.ActiveCfg = Release|x64
		{CAE38959-763D-4604-94C6-9555AE3EB5E4}.Release|Any CPU.Build.0 = Release|x64
		{CAE38959-763D-4604-94C6-9555AE3EB5E4}.Release|Any CPU.Deploy.0 = Release|x64
		{CAE38959-763D-4604-94C6-9555AE3EB5E4}.Release|ARM.ActiveCfg = Release|x64
		{CAE38959-763D-4604-94C6-9555AE3EB5E4}.Release|ARM.Build.0 = Release|x64
		{CAE38959-763D-4604-94C6-9555AE3EB5E4}.Release|ARM.Deploy.0 = Release|x64
		{CAE38959-763D-4604-94C6-9555AE3EB5E4}.Release|ARM64.ActiveCfg = Release|ARM64
		{CAE38959-763D-4604-94C6-9555AE3EB5E4}.Release|ARM64.Build.0 = Release|ARM64
		{CAE38959-763D-4604-94C6-9555AE3EB5E4}.Release|ARM64.Deploy.0 = Release|ARM64
		{CAE38959-763D-4604-94C6-9555AE3EB5E4}.Release|x64.ActiveCfg = Release|x64
		{CAE38959-763D-4604-94C6-9555AE3EB5E4}.Release|x64.Build.0 = Release|x64
		{CAE38959-763D-4604-94C6-9555AE3EB5E4}.Release|x64.Deploy.0 = Release|x64
		{CAE38959-763D-4604-94C6-9555AE3EB5E4}.Release|x86.ActiveCfg = Release|x86
		{CAE38959-763D-4604-94C6-9555AE3EB5E4}.Release|x86.Build.0 = Release|x86
		{CAE38959-763D-4604-94C6-9555AE3EB5E4}.Release|x86.Deploy.0 = Release|x86
		{33AA1A68-4D5A-441F-A654-30B1A006668B}.Debug|Any CPU.ActiveCfg = Debug|Any CPU
		{33AA1A68-4D5A-441F-A654-30B1A006668B}.Debug|Any CPU.Build.0 = Debug|Any CPU
		{33AA1A68-4D5A-441F-A654-30B1A006668B}.Debug|ARM.ActiveCfg = Debug|Any CPU
		{33AA1A68-4D5A-441F-A654-30B1A006668B}.Debug|ARM.Build.0 = Debug|Any CPU
		{33AA1A68-4D5A-441F-A654-30B1A006668B}.Debug|ARM64.ActiveCfg = Debug|Any CPU
		{33AA1A68-4D5A-441F-A654-30B1A006668B}.Debug|ARM64.Build.0 = Debug|Any CPU
		{33AA1A68-4D5A-441F-A654-30B1A006668B}.Debug|x64.ActiveCfg = Debug|Any CPU
		{33AA1A68-4D5A-441F-A654-30B1A006668B}.Debug|x64.Build.0 = Debug|Any CPU
		{33AA1A68-4D5A-441F-A654-30B1A006668B}.Debug|x86.ActiveCfg = Debug|Any CPU
		{33AA1A68-4D5A-441F-A654-30B1A006668B}.Debug|x86.Build.0 = Debug|Any CPU
		{33AA1A68-4D5A-441F-A654-30B1A006668B}.Release|Any CPU.ActiveCfg = Release|Any CPU
		{33AA1A68-4D5A-441F-A654-30B1A006668B}.Release|Any CPU.Build.0 = Release|Any CPU
		{33AA1A68-4D5A-441F-A654-30B1A006668B}.Release|ARM.ActiveCfg = Release|Any CPU
		{33AA1A68-4D5A-441F-A654-30B1A006668B}.Release|ARM.Build.0 = Release|Any CPU
		{33AA1A68-4D5A-441F-A654-30B1A006668B}.Release|ARM64.ActiveCfg = Release|Any CPU
		{33AA1A68-4D5A-441F-A654-30B1A006668B}.Release|ARM64.Build.0 = Release|Any CPU
		{33AA1A68-4D5A-441F-A654-30B1A006668B}.Release|x64.ActiveCfg = Release|Any CPU
		{33AA1A68-4D5A-441F-A654-30B1A006668B}.Release|x64.Build.0 = Release|Any CPU
		{33AA1A68-4D5A-441F-A654-30B1A006668B}.Release|x86.ActiveCfg = Release|Any CPU
		{33AA1A68-4D5A-441F-A654-30B1A006668B}.Release|x86.Build.0 = Release|Any CPU
		{E05B8D57-2F77-422E-B2D1-274268AABEBB}.Debug|Any CPU.ActiveCfg = Debug|Any CPU
		{E05B8D57-2F77-422E-B2D1-274268AABEBB}.Debug|Any CPU.Build.0 = Debug|Any CPU
		{E05B8D57-2F77-422E-B2D1-274268AABEBB}.Debug|ARM.ActiveCfg = Debug|Any CPU
		{E05B8D57-2F77-422E-B2D1-274268AABEBB}.Debug|ARM.Build.0 = Debug|Any CPU
		{E05B8D57-2F77-422E-B2D1-274268AABEBB}.Debug|ARM64.ActiveCfg = Debug|Any CPU
		{E05B8D57-2F77-422E-B2D1-274268AABEBB}.Debug|ARM64.Build.0 = Debug|Any CPU
		{E05B8D57-2F77-422E-B2D1-274268AABEBB}.Debug|x64.ActiveCfg = Debug|Any CPU
		{E05B8D57-2F77-422E-B2D1-274268AABEBB}.Debug|x64.Build.0 = Debug|Any CPU
		{E05B8D57-2F77-422E-B2D1-274268AABEBB}.Debug|x86.ActiveCfg = Debug|Any CPU
		{E05B8D57-2F77-422E-B2D1-274268AABEBB}.Debug|x86.Build.0 = Debug|Any CPU
		{E05B8D57-2F77-422E-B2D1-274268AABEBB}.Release|Any CPU.ActiveCfg = Release|Any CPU
		{E05B8D57-2F77-422E-B2D1-274268AABEBB}.Release|Any CPU.Build.0 = Release|Any CPU
		{E05B8D57-2F77-422E-B2D1-274268AABEBB}.Release|ARM.ActiveCfg = Release|Any CPU
		{E05B8D57-2F77-422E-B2D1-274268AABEBB}.Release|ARM.Build.0 = Release|Any CPU
		{E05B8D57-2F77-422E-B2D1-274268AABEBB}.Release|ARM64.ActiveCfg = Release|Any CPU
		{E05B8D57-2F77-422E-B2D1-274268AABEBB}.Release|ARM64.Build.0 = Release|Any CPU
		{E05B8D57-2F77-422E-B2D1-274268AABEBB}.Release|x64.ActiveCfg = Release|Any CPU
		{E05B8D57-2F77-422E-B2D1-274268AABEBB}.Release|x64.Build.0 = Release|Any CPU
		{E05B8D57-2F77-422E-B2D1-274268AABEBB}.Release|x86.ActiveCfg = Release|Any CPU
		{E05B8D57-2F77-422E-B2D1-274268AABEBB}.Release|x86.Build.0 = Release|Any CPU
		{2B54941B-65B3-4D2D-A8CB-81839E6085ED}.Debug|Any CPU.ActiveCfg = Debug|Any CPU
		{2B54941B-65B3-4D2D-A8CB-81839E6085ED}.Debug|Any CPU.Build.0 = Debug|Any CPU
		{2B54941B-65B3-4D2D-A8CB-81839E6085ED}.Debug|ARM.ActiveCfg = Debug|Any CPU
		{2B54941B-65B3-4D2D-A8CB-81839E6085ED}.Debug|ARM.Build.0 = Debug|Any CPU
		{2B54941B-65B3-4D2D-A8CB-81839E6085ED}.Debug|ARM64.ActiveCfg = Debug|Any CPU
		{2B54941B-65B3-4D2D-A8CB-81839E6085ED}.Debug|ARM64.Build.0 = Debug|Any CPU
		{2B54941B-65B3-4D2D-A8CB-81839E6085ED}.Debug|x64.ActiveCfg = Debug|Any CPU
		{2B54941B-65B3-4D2D-A8CB-81839E6085ED}.Debug|x64.Build.0 = Debug|Any CPU
		{2B54941B-65B3-4D2D-A8CB-81839E6085ED}.Debug|x86.ActiveCfg = Debug|Any CPU
		{2B54941B-65B3-4D2D-A8CB-81839E6085ED}.Debug|x86.Build.0 = Debug|Any CPU
		{2B54941B-65B3-4D2D-A8CB-81839E6085ED}.Release|Any CPU.ActiveCfg = Release|Any CPU
		{2B54941B-65B3-4D2D-A8CB-81839E6085ED}.Release|Any CPU.Build.0 = Release|Any CPU
		{2B54941B-65B3-4D2D-A8CB-81839E6085ED}.Release|ARM.ActiveCfg = Release|Any CPU
		{2B54941B-65B3-4D2D-A8CB-81839E6085ED}.Release|ARM.Build.0 = Release|Any CPU
		{2B54941B-65B3-4D2D-A8CB-81839E6085ED}.Release|ARM64.ActiveCfg = Release|Any CPU
		{2B54941B-65B3-4D2D-A8CB-81839E6085ED}.Release|ARM64.Build.0 = Release|Any CPU
		{2B54941B-65B3-4D2D-A8CB-81839E6085ED}.Release|x64.ActiveCfg = Release|Any CPU
		{2B54941B-65B3-4D2D-A8CB-81839E6085ED}.Release|x64.Build.0 = Release|Any CPU
		{2B54941B-65B3-4D2D-A8CB-81839E6085ED}.Release|x86.ActiveCfg = Release|Any CPU
		{2B54941B-65B3-4D2D-A8CB-81839E6085ED}.Release|x86.Build.0 = Release|Any CPU
		{E41AF4C2-1AB8-4F38-B0C4-84A9F062EF32}.Debug|Any CPU.ActiveCfg = Debug|Any CPU
		{E41AF4C2-1AB8-4F38-B0C4-84A9F062EF32}.Debug|Any CPU.Build.0 = Debug|Any CPU
		{E41AF4C2-1AB8-4F38-B0C4-84A9F062EF32}.Debug|ARM.ActiveCfg = Debug|Any CPU
		{E41AF4C2-1AB8-4F38-B0C4-84A9F062EF32}.Debug|ARM.Build.0 = Debug|Any CPU
		{E41AF4C2-1AB8-4F38-B0C4-84A9F062EF32}.Debug|ARM64.ActiveCfg = Debug|Any CPU
		{E41AF4C2-1AB8-4F38-B0C4-84A9F062EF32}.Debug|ARM64.Build.0 = Debug|Any CPU
		{E41AF4C2-1AB8-4F38-B0C4-84A9F062EF32}.Debug|x64.ActiveCfg = Debug|Any CPU
		{E41AF4C2-1AB8-4F38-B0C4-84A9F062EF32}.Debug|x64.Build.0 = Debug|Any CPU
		{E41AF4C2-1AB8-4F38-B0C4-84A9F062EF32}.Debug|x86.ActiveCfg = Debug|Any CPU
		{E41AF4C2-1AB8-4F38-B0C4-84A9F062EF32}.Debug|x86.Build.0 = Debug|Any CPU
		{E41AF4C2-1AB8-4F38-B0C4-84A9F062EF32}.Release|Any CPU.ActiveCfg = Release|Any CPU
		{E41AF4C2-1AB8-4F38-B0C4-84A9F062EF32}.Release|Any CPU.Build.0 = Release|Any CPU
		{E41AF4C2-1AB8-4F38-B0C4-84A9F062EF32}.Release|ARM.ActiveCfg = Release|Any CPU
		{E41AF4C2-1AB8-4F38-B0C4-84A9F062EF32}.Release|ARM.Build.0 = Release|Any CPU
		{E41AF4C2-1AB8-4F38-B0C4-84A9F062EF32}.Release|ARM64.ActiveCfg = Release|Any CPU
		{E41AF4C2-1AB8-4F38-B0C4-84A9F062EF32}.Release|ARM64.Build.0 = Release|Any CPU
		{E41AF4C2-1AB8-4F38-B0C4-84A9F062EF32}.Release|x64.ActiveCfg = Release|Any CPU
		{E41AF4C2-1AB8-4F38-B0C4-84A9F062EF32}.Release|x64.Build.0 = Release|Any CPU
		{E41AF4C2-1AB8-4F38-B0C4-84A9F062EF32}.Release|x86.ActiveCfg = Release|Any CPU
		{E41AF4C2-1AB8-4F38-B0C4-84A9F062EF32}.Release|x86.Build.0 = Release|Any CPU
		{D1075516-FFE7-4733-9B88-BFBDCDE64900}.Debug|Any CPU.ActiveCfg = Debug|Any CPU
		{D1075516-FFE7-4733-9B88-BFBDCDE64900}.Debug|Any CPU.Build.0 = Debug|Any CPU
		{D1075516-FFE7-4733-9B88-BFBDCDE64900}.Debug|ARM.ActiveCfg = Debug|Any CPU
		{D1075516-FFE7-4733-9B88-BFBDCDE64900}.Debug|ARM.Build.0 = Debug|Any CPU
		{D1075516-FFE7-4733-9B88-BFBDCDE64900}.Debug|ARM64.ActiveCfg = Debug|Any CPU
		{D1075516-FFE7-4733-9B88-BFBDCDE64900}.Debug|ARM64.Build.0 = Debug|Any CPU
		{D1075516-FFE7-4733-9B88-BFBDCDE64900}.Debug|x64.ActiveCfg = Debug|Any CPU
		{D1075516-FFE7-4733-9B88-BFBDCDE64900}.Debug|x64.Build.0 = Debug|Any CPU
		{D1075516-FFE7-4733-9B88-BFBDCDE64900}.Debug|x86.ActiveCfg = Debug|Any CPU
		{D1075516-FFE7-4733-9B88-BFBDCDE64900}.Debug|x86.Build.0 = Debug|Any CPU
		{D1075516-FFE7-4733-9B88-BFBDCDE64900}.Release|Any CPU.ActiveCfg = Release|Any CPU
		{D1075516-FFE7-4733-9B88-BFBDCDE64900}.Release|Any CPU.Build.0 = Release|Any CPU
		{D1075516-FFE7-4733-9B88-BFBDCDE64900}.Release|ARM.ActiveCfg = Release|Any CPU
		{D1075516-FFE7-4733-9B88-BFBDCDE64900}.Release|ARM.Build.0 = Release|Any CPU
		{D1075516-FFE7-4733-9B88-BFBDCDE64900}.Release|ARM64.ActiveCfg = Release|Any CPU
		{D1075516-FFE7-4733-9B88-BFBDCDE64900}.Release|ARM64.Build.0 = Release|Any CPU
		{D1075516-FFE7-4733-9B88-BFBDCDE64900}.Release|x64.ActiveCfg = Release|Any CPU
		{D1075516-FFE7-4733-9B88-BFBDCDE64900}.Release|x64.Build.0 = Release|Any CPU
		{D1075516-FFE7-4733-9B88-BFBDCDE64900}.Release|x86.ActiveCfg = Release|Any CPU
		{D1075516-FFE7-4733-9B88-BFBDCDE64900}.Release|x86.Build.0 = Release|Any CPU
		{3259860A-7827-4608-B5D0-3BA7FB33191E}.Debug|Any CPU.ActiveCfg = Debug|Any CPU
		{3259860A-7827-4608-B5D0-3BA7FB33191E}.Debug|Any CPU.Build.0 = Debug|Any CPU
		{3259860A-7827-4608-B5D0-3BA7FB33191E}.Debug|ARM.ActiveCfg = Debug|Any CPU
		{3259860A-7827-4608-B5D0-3BA7FB33191E}.Debug|ARM.Build.0 = Debug|Any CPU
		{3259860A-7827-4608-B5D0-3BA7FB33191E}.Debug|ARM64.ActiveCfg = Debug|Any CPU
		{3259860A-7827-4608-B5D0-3BA7FB33191E}.Debug|ARM64.Build.0 = Debug|Any CPU
		{3259860A-7827-4608-B5D0-3BA7FB33191E}.Debug|x64.ActiveCfg = Debug|Any CPU
		{3259860A-7827-4608-B5D0-3BA7FB33191E}.Debug|x64.Build.0 = Debug|Any CPU
		{3259860A-7827-4608-B5D0-3BA7FB33191E}.Debug|x86.ActiveCfg = Debug|Any CPU
		{3259860A-7827-4608-B5D0-3BA7FB33191E}.Debug|x86.Build.0 = Debug|Any CPU
		{3259860A-7827-4608-B5D0-3BA7FB33191E}.Release|Any CPU.ActiveCfg = Release|Any CPU
		{3259860A-7827-4608-B5D0-3BA7FB33191E}.Release|Any CPU.Build.0 = Release|Any CPU
		{3259860A-7827-4608-B5D0-3BA7FB33191E}.Release|ARM.ActiveCfg = Release|Any CPU
		{3259860A-7827-4608-B5D0-3BA7FB33191E}.Release|ARM.Build.0 = Release|Any CPU
		{3259860A-7827-4608-B5D0-3BA7FB33191E}.Release|ARM64.ActiveCfg = Release|Any CPU
		{3259860A-7827-4608-B5D0-3BA7FB33191E}.Release|ARM64.Build.0 = Release|Any CPU
		{3259860A-7827-4608-B5D0-3BA7FB33191E}.Release|x64.ActiveCfg = Release|Any CPU
		{3259860A-7827-4608-B5D0-3BA7FB33191E}.Release|x64.Build.0 = Release|Any CPU
		{3259860A-7827-4608-B5D0-3BA7FB33191E}.Release|x86.ActiveCfg = Release|Any CPU
		{3259860A-7827-4608-B5D0-3BA7FB33191E}.Release|x86.Build.0 = Release|Any CPU
		{06FB8F15-662B-4265-A3AD-976B2DAE271B}.Debug|Any CPU.ActiveCfg = Debug|Any CPU
		{06FB8F15-662B-4265-A3AD-976B2DAE271B}.Debug|Any CPU.Build.0 = Debug|Any CPU
		{06FB8F15-662B-4265-A3AD-976B2DAE271B}.Debug|ARM.ActiveCfg = Debug|Any CPU
		{06FB8F15-662B-4265-A3AD-976B2DAE271B}.Debug|ARM.Build.0 = Debug|Any CPU
		{06FB8F15-662B-4265-A3AD-976B2DAE271B}.Debug|ARM64.ActiveCfg = Debug|Any CPU
		{06FB8F15-662B-4265-A3AD-976B2DAE271B}.Debug|ARM64.Build.0 = Debug|Any CPU
		{06FB8F15-662B-4265-A3AD-976B2DAE271B}.Debug|x64.ActiveCfg = Debug|Any CPU
		{06FB8F15-662B-4265-A3AD-976B2DAE271B}.Debug|x64.Build.0 = Debug|Any CPU
		{06FB8F15-662B-4265-A3AD-976B2DAE271B}.Debug|x86.ActiveCfg = Debug|Any CPU
		{06FB8F15-662B-4265-A3AD-976B2DAE271B}.Debug|x86.Build.0 = Debug|Any CPU
		{06FB8F15-662B-4265-A3AD-976B2DAE271B}.Release|Any CPU.ActiveCfg = Release|Any CPU
		{06FB8F15-662B-4265-A3AD-976B2DAE271B}.Release|Any CPU.Build.0 = Release|Any CPU
		{06FB8F15-662B-4265-A3AD-976B2DAE271B}.Release|ARM.ActiveCfg = Release|Any CPU
		{06FB8F15-662B-4265-A3AD-976B2DAE271B}.Release|ARM.Build.0 = Release|Any CPU
		{06FB8F15-662B-4265-A3AD-976B2DAE271B}.Release|ARM64.ActiveCfg = Release|Any CPU
		{06FB8F15-662B-4265-A3AD-976B2DAE271B}.Release|ARM64.Build.0 = Release|Any CPU
		{06FB8F15-662B-4265-A3AD-976B2DAE271B}.Release|x64.ActiveCfg = Release|Any CPU
		{06FB8F15-662B-4265-A3AD-976B2DAE271B}.Release|x64.Build.0 = Release|Any CPU
		{06FB8F15-662B-4265-A3AD-976B2DAE271B}.Release|x86.ActiveCfg = Release|Any CPU
		{06FB8F15-662B-4265-A3AD-976B2DAE271B}.Release|x86.Build.0 = Release|Any CPU
		{5FF518A5-764F-4F39-A7B3-47D8407D74C9}.Debug|Any CPU.ActiveCfg = Debug|Any CPU
		{5FF518A5-764F-4F39-A7B3-47D8407D74C9}.Debug|Any CPU.Build.0 = Debug|Any CPU
		{5FF518A5-764F-4F39-A7B3-47D8407D74C9}.Debug|ARM.ActiveCfg = Debug|Any CPU
		{5FF518A5-764F-4F39-A7B3-47D8407D74C9}.Debug|ARM.Build.0 = Debug|Any CPU
		{5FF518A5-764F-4F39-A7B3-47D8407D74C9}.Debug|ARM64.ActiveCfg = Debug|Any CPU
		{5FF518A5-764F-4F39-A7B3-47D8407D74C9}.Debug|ARM64.Build.0 = Debug|Any CPU
		{5FF518A5-764F-4F39-A7B3-47D8407D74C9}.Debug|x64.ActiveCfg = Debug|Any CPU
		{5FF518A5-764F-4F39-A7B3-47D8407D74C9}.Debug|x64.Build.0 = Debug|Any CPU
		{5FF518A5-764F-4F39-A7B3-47D8407D74C9}.Debug|x86.ActiveCfg = Debug|Any CPU
		{5FF518A5-764F-4F39-A7B3-47D8407D74C9}.Debug|x86.Build.0 = Debug|Any CPU
		{5FF518A5-764F-4F39-A7B3-47D8407D74C9}.Release|Any CPU.ActiveCfg = Release|Any CPU
		{5FF518A5-764F-4F39-A7B3-47D8407D74C9}.Release|Any CPU.Build.0 = Release|Any CPU
		{5FF518A5-764F-4F39-A7B3-47D8407D74C9}.Release|ARM.ActiveCfg = Release|Any CPU
		{5FF518A5-764F-4F39-A7B3-47D8407D74C9}.Release|ARM.Build.0 = Release|Any CPU
		{5FF518A5-764F-4F39-A7B3-47D8407D74C9}.Release|ARM64.ActiveCfg = Release|Any CPU
		{5FF518A5-764F-4F39-A7B3-47D8407D74C9}.Release|ARM64.Build.0 = Release|Any CPU
		{5FF518A5-764F-4F39-A7B3-47D8407D74C9}.Release|x64.ActiveCfg = Release|Any CPU
		{5FF518A5-764F-4F39-A7B3-47D8407D74C9}.Release|x64.Build.0 = Release|Any CPU
		{5FF518A5-764F-4F39-A7B3-47D8407D74C9}.Release|x86.ActiveCfg = Release|Any CPU
		{5FF518A5-764F-4F39-A7B3-47D8407D74C9}.Release|x86.Build.0 = Release|Any CPU
		{27A4D929-7EB2-4392-BCDD-E54C250BF3FA}.Debug|Any CPU.ActiveCfg = Debug|x64
		{27A4D929-7EB2-4392-BCDD-E54C250BF3FA}.Debug|Any CPU.Build.0 = Debug|x64
		{27A4D929-7EB2-4392-BCDD-E54C250BF3FA}.Debug|ARM.ActiveCfg = Debug|x64
		{27A4D929-7EB2-4392-BCDD-E54C250BF3FA}.Debug|ARM.Build.0 = Debug|x64
		{27A4D929-7EB2-4392-BCDD-E54C250BF3FA}.Debug|ARM64.ActiveCfg = Debug|x64
		{27A4D929-7EB2-4392-BCDD-E54C250BF3FA}.Debug|ARM64.Build.0 = Debug|x64
		{27A4D929-7EB2-4392-BCDD-E54C250BF3FA}.Debug|x64.ActiveCfg = Debug|x64
		{27A4D929-7EB2-4392-BCDD-E54C250BF3FA}.Debug|x64.Build.0 = Debug|x64
		{27A4D929-7EB2-4392-BCDD-E54C250BF3FA}.Debug|x86.ActiveCfg = Debug|Win32
		{27A4D929-7EB2-4392-BCDD-E54C250BF3FA}.Debug|x86.Build.0 = Debug|Win32
		{27A4D929-7EB2-4392-BCDD-E54C250BF3FA}.Release|Any CPU.ActiveCfg = Release|x64
		{27A4D929-7EB2-4392-BCDD-E54C250BF3FA}.Release|Any CPU.Build.0 = Release|x64
		{27A4D929-7EB2-4392-BCDD-E54C250BF3FA}.Release|ARM.ActiveCfg = Release|x64
		{27A4D929-7EB2-4392-BCDD-E54C250BF3FA}.Release|ARM.Build.0 = Release|x64
		{27A4D929-7EB2-4392-BCDD-E54C250BF3FA}.Release|ARM64.ActiveCfg = Release|x64
		{27A4D929-7EB2-4392-BCDD-E54C250BF3FA}.Release|ARM64.Build.0 = Release|x64
		{27A4D929-7EB2-4392-BCDD-E54C250BF3FA}.Release|x64.ActiveCfg = Release|x64
		{27A4D929-7EB2-4392-BCDD-E54C250BF3FA}.Release|x64.Build.0 = Release|x64
		{27A4D929-7EB2-4392-BCDD-E54C250BF3FA}.Release|x86.ActiveCfg = Release|Win32
		{27A4D929-7EB2-4392-BCDD-E54C250BF3FA}.Release|x86.Build.0 = Release|Win32
		{A05E00FF-7676-4D20-A86D-3983FD76EB3D}.Debug|Any CPU.ActiveCfg = Debug|Any CPU
		{A05E00FF-7676-4D20-A86D-3983FD76EB3D}.Debug|Any CPU.Build.0 = Debug|Any CPU
		{A05E00FF-7676-4D20-A86D-3983FD76EB3D}.Debug|ARM.ActiveCfg = Debug|Any CPU
		{A05E00FF-7676-4D20-A86D-3983FD76EB3D}.Debug|ARM.Build.0 = Debug|Any CPU
		{A05E00FF-7676-4D20-A86D-3983FD76EB3D}.Debug|ARM64.ActiveCfg = Debug|Any CPU
		{A05E00FF-7676-4D20-A86D-3983FD76EB3D}.Debug|ARM64.Build.0 = Debug|Any CPU
		{A05E00FF-7676-4D20-A86D-3983FD76EB3D}.Debug|x64.ActiveCfg = Debug|Any CPU
		{A05E00FF-7676-4D20-A86D-3983FD76EB3D}.Debug|x64.Build.0 = Debug|Any CPU
		{A05E00FF-7676-4D20-A86D-3983FD76EB3D}.Debug|x86.ActiveCfg = Debug|Any CPU
		{A05E00FF-7676-4D20-A86D-3983FD76EB3D}.Debug|x86.Build.0 = Debug|Any CPU
		{A05E00FF-7676-4D20-A86D-3983FD76EB3D}.Release|Any CPU.ActiveCfg = Release|Any CPU
		{A05E00FF-7676-4D20-A86D-3983FD76EB3D}.Release|Any CPU.Build.0 = Release|Any CPU
		{A05E00FF-7676-4D20-A86D-3983FD76EB3D}.Release|ARM.ActiveCfg = Release|Any CPU
		{A05E00FF-7676-4D20-A86D-3983FD76EB3D}.Release|ARM.Build.0 = Release|Any CPU
		{A05E00FF-7676-4D20-A86D-3983FD76EB3D}.Release|ARM64.ActiveCfg = Release|Any CPU
		{A05E00FF-7676-4D20-A86D-3983FD76EB3D}.Release|ARM64.Build.0 = Release|Any CPU
		{A05E00FF-7676-4D20-A86D-3983FD76EB3D}.Release|x64.ActiveCfg = Release|Any CPU
		{A05E00FF-7676-4D20-A86D-3983FD76EB3D}.Release|x64.Build.0 = Release|Any CPU
		{A05E00FF-7676-4D20-A86D-3983FD76EB3D}.Release|x86.ActiveCfg = Release|Any CPU
		{A05E00FF-7676-4D20-A86D-3983FD76EB3D}.Release|x86.Build.0 = Release|Any CPU
		{60BFE23A-D609-4088-A1FB-4C6B18334C27}.Debug|Any CPU.ActiveCfg = Debug|Any CPU
		{60BFE23A-D609-4088-A1FB-4C6B18334C27}.Debug|Any CPU.Build.0 = Debug|Any CPU
		{60BFE23A-D609-4088-A1FB-4C6B18334C27}.Debug|ARM.ActiveCfg = Debug|Any CPU
		{60BFE23A-D609-4088-A1FB-4C6B18334C27}.Debug|ARM.Build.0 = Debug|Any CPU
		{60BFE23A-D609-4088-A1FB-4C6B18334C27}.Debug|ARM64.ActiveCfg = Debug|Any CPU
		{60BFE23A-D609-4088-A1FB-4C6B18334C27}.Debug|ARM64.Build.0 = Debug|Any CPU
		{60BFE23A-D609-4088-A1FB-4C6B18334C27}.Debug|x64.ActiveCfg = Debug|Any CPU
		{60BFE23A-D609-4088-A1FB-4C6B18334C27}.Debug|x64.Build.0 = Debug|Any CPU
		{60BFE23A-D609-4088-A1FB-4C6B18334C27}.Debug|x86.ActiveCfg = Debug|Any CPU
		{60BFE23A-D609-4088-A1FB-4C6B18334C27}.Debug|x86.Build.0 = Debug|Any CPU
		{60BFE23A-D609-4088-A1FB-4C6B18334C27}.Release|Any CPU.ActiveCfg = Release|Any CPU
		{60BFE23A-D609-4088-A1FB-4C6B18334C27}.Release|Any CPU.Build.0 = Release|Any CPU
		{60BFE23A-D609-4088-A1FB-4C6B18334C27}.Release|ARM.ActiveCfg = Release|Any CPU
		{60BFE23A-D609-4088-A1FB-4C6B18334C27}.Release|ARM.Build.0 = Release|Any CPU
		{60BFE23A-D609-4088-A1FB-4C6B18334C27}.Release|ARM64.ActiveCfg = Release|Any CPU
		{60BFE23A-D609-4088-A1FB-4C6B18334C27}.Release|ARM64.Build.0 = Release|Any CPU
		{60BFE23A-D609-4088-A1FB-4C6B18334C27}.Release|x64.ActiveCfg = Release|Any CPU
		{60BFE23A-D609-4088-A1FB-4C6B18334C27}.Release|x64.Build.0 = Release|Any CPU
		{60BFE23A-D609-4088-A1FB-4C6B18334C27}.Release|x86.ActiveCfg = Release|Any CPU
		{60BFE23A-D609-4088-A1FB-4C6B18334C27}.Release|x86.Build.0 = Release|Any CPU
		{F1C620B1-D9FA-4310-A39E-B6BD7DE00DF7}.Debug|Any CPU.ActiveCfg = Debug|Any CPU
		{F1C620B1-D9FA-4310-A39E-B6BD7DE00DF7}.Debug|Any CPU.Build.0 = Debug|Any CPU
		{F1C620B1-D9FA-4310-A39E-B6BD7DE00DF7}.Debug|ARM.ActiveCfg = Debug|Any CPU
		{F1C620B1-D9FA-4310-A39E-B6BD7DE00DF7}.Debug|ARM.Build.0 = Debug|Any CPU
		{F1C620B1-D9FA-4310-A39E-B6BD7DE00DF7}.Debug|ARM64.ActiveCfg = Debug|Any CPU
		{F1C620B1-D9FA-4310-A39E-B6BD7DE00DF7}.Debug|ARM64.Build.0 = Debug|Any CPU
		{F1C620B1-D9FA-4310-A39E-B6BD7DE00DF7}.Debug|x64.ActiveCfg = Debug|Any CPU
		{F1C620B1-D9FA-4310-A39E-B6BD7DE00DF7}.Debug|x64.Build.0 = Debug|Any CPU
		{F1C620B1-D9FA-4310-A39E-B6BD7DE00DF7}.Debug|x86.ActiveCfg = Debug|Any CPU
		{F1C620B1-D9FA-4310-A39E-B6BD7DE00DF7}.Debug|x86.Build.0 = Debug|Any CPU
		{F1C620B1-D9FA-4310-A39E-B6BD7DE00DF7}.Release|Any CPU.ActiveCfg = Release|Any CPU
		{F1C620B1-D9FA-4310-A39E-B6BD7DE00DF7}.Release|Any CPU.Build.0 = Release|Any CPU
		{F1C620B1-D9FA-4310-A39E-B6BD7DE00DF7}.Release|ARM.ActiveCfg = Release|Any CPU
		{F1C620B1-D9FA-4310-A39E-B6BD7DE00DF7}.Release|ARM.Build.0 = Release|Any CPU
		{F1C620B1-D9FA-4310-A39E-B6BD7DE00DF7}.Release|ARM64.ActiveCfg = Release|Any CPU
		{F1C620B1-D9FA-4310-A39E-B6BD7DE00DF7}.Release|ARM64.Build.0 = Release|Any CPU
		{F1C620B1-D9FA-4310-A39E-B6BD7DE00DF7}.Release|x64.ActiveCfg = Release|Any CPU
		{F1C620B1-D9FA-4310-A39E-B6BD7DE00DF7}.Release|x64.Build.0 = Release|Any CPU
		{F1C620B1-D9FA-4310-A39E-B6BD7DE00DF7}.Release|x86.ActiveCfg = Release|Any CPU
		{F1C620B1-D9FA-4310-A39E-B6BD7DE00DF7}.Release|x86.Build.0 = Release|Any CPU
	EndGlobalSection
	GlobalSection(SolutionProperties) = preSolution
		HideSolutionNode = FALSE
	EndGlobalSection
	GlobalSection(NestedProjects) = preSolution
		{21AC4A6E-4436-48FD-A400-6992E9E27CEE} = {39B49894-EB2E-41E9-9A43-F010989DF411}
		{02EA681E-C7D8-13C7-8484-4AC65E1B71E8} = {FE7FEA41-844F-4E1C-A688-9F76A46AE36A}
		{5B89A535-0D5B-4EBA-A547-6960D6439C04} = {39B49894-EB2E-41E9-9A43-F010989DF411}
		{06DC627D-B9DF-49F4-9F5C-2ACB9D65C512} = {02EA681E-C7D8-13C7-8484-4AC65E1B71E8}
		{D0DF548F-824A-484B-A45E-4D5B54C9710A} = {02EA681E-C7D8-13C7-8484-4AC65E1B71E8}
		{460BFB6C-73DD-448B-A6B4-4EAF5BA8A623} = {FE7FEA41-844F-4E1C-A688-9F76A46AE36A}
		{8869D5D5-FD5B-48E0-8BB2-0FB1223985CB} = {FE7FEA41-844F-4E1C-A688-9F76A46AE36A}
		{CAE38959-763D-4604-94C6-9555AE3EB5E4} = {06DC627D-B9DF-49F4-9F5C-2ACB9D65C512}
		{33AA1A68-4D5A-441F-A654-30B1A006668B} = {39B49894-EB2E-41E9-9A43-F010989DF411}
		{E05B8D57-2F77-422E-B2D1-274268AABEBB} = {8869D5D5-FD5B-48E0-8BB2-0FB1223985CB}
		{9A42B18F-834E-4354-9123-0FA2AE9D9CA9} = {FE7FEA41-844F-4E1C-A688-9F76A46AE36A}
		{2B54941B-65B3-4D2D-A8CB-81839E6085ED} = {9A42B18F-834E-4354-9123-0FA2AE9D9CA9}
		{E41AF4C2-1AB8-4F38-B0C4-84A9F062EF32} = {39B49894-EB2E-41E9-9A43-F010989DF411}
		{D1075516-FFE7-4733-9B88-BFBDCDE64900} = {39B49894-EB2E-41E9-9A43-F010989DF411}
		{3259860A-7827-4608-B5D0-3BA7FB33191E} = {4A2F969B-89E0-400A-841B-458492E64346}
		{06FB8F15-662B-4265-A3AD-976B2DAE271B} = {4A2F969B-89E0-400A-841B-458492E64346}
		{5FF518A5-764F-4F39-A7B3-47D8407D74C9} = {4A2F969B-89E0-400A-841B-458492E64346}
		{27A4D929-7EB2-4392-BCDD-E54C250BF3FA} = {4A2F969B-89E0-400A-841B-458492E64346}
		{A05E00FF-7676-4D20-A86D-3983FD76EB3D} = {06DC627D-B9DF-49F4-9F5C-2ACB9D65C512}
		{60BFE23A-D609-4088-A1FB-4C6B18334C27} = {D0DF548F-824A-484B-A45E-4D5B54C9710A}
		{4A2F969B-89E0-400A-841B-458492E64346} = {460BFB6C-73DD-448B-A6B4-4EAF5BA8A623}
		{39B49894-EB2E-41E9-9A43-F010989DF411} = {460BFB6C-73DD-448B-A6B4-4EAF5BA8A623}
		{F1C620B1-D9FA-4310-A39E-B6BD7DE00DF7} = {4A2F969B-89E0-400A-841B-458492E64346}
	EndGlobalSection
	GlobalSection(ExtensibilityGlobals) = postSolution
		SolutionGuid = {ABA6D5DA-BED8-4F66-8621-571E8319164A}
	EndGlobalSection
EndGlobal
