
Microsoft Visual Studio Solution File, Format Version 12.00
# Visual Studio Version 17
VisualStudioVersion = 17.0.31903.59
MinimumVisualStudioVersion = 10.0.40219.1
Project("{FAE04EC0-301F-11D3-BF4B-00C04F79EFBC}") = "NDV-WebASP", "NDV-WebASP\NDV-WebASP.csproj", "{F3B2D89E-9586-490B-9DEC-043E4A40D119}"
EndProject
Project("{FAE04EC0-301F-11D3-BF4B-00C04F79EFBC}") = "NDV-TestClient", "NDV-TestClient\NDV-TestClient.csproj", "{BE336148-E22C-4581-8826-5C8F2336691B}"
EndProject
Project("{FAE04EC0-301F-11D3-BF4B-00C04F79EFBC}") = "NetworkCoreStandard", "NetworkCoreSandard\NetworkCoreStandard.csproj", "{B02A0C7B-9432-45FC-8CA3-919D8439476D}"
EndProject
Project("{FAE04EC0-301F-11D3-BF4B-00C04F79EFBC}") = "NetworkCoreCommunication", "NetworkCoreCommunication\NetworkCoreCommunication.csproj", "{1404A9E5-46FF-49E2-B3FE-1EBDA7F1438D}"
EndProject
Project("{2150E333-8FDC-42A3-9474-1A3956D46DE8}") = "AOT", "AOT", "{00DC21DD-0C80-47AB-8FF4-DC2A399100BE}"
EndProject
Project("{FAE04EC0-301F-11D3-BF4B-00C04F79EFBC}") = "NetworkCoreStantard.AOT", "AOT\NetworkCoreStantard.AOT\NetworkCoreStantard.AOT.csproj", "{E0ED5C35-1037-4B0E-AB11-3479278E0881}"
EndProject
Project("{FAE04EC0-301F-11D3-BF4B-00C04F79EFBC}") = "NetworkCoreStandard.Utils", "NetworkCoreStandard.Utils\NetworkCoreStandard.Utils.csproj", "{21AC4A6E-4436-48FD-A400-6992E9E27CEE}"
EndProject
Global
	GlobalSection(SolutionConfigurationPlatforms) = preSolution
		Debug|Any CPU = Debug|Any CPU
		Release|Any CPU = Release|Any CPU
	EndGlobalSection
	GlobalSection(ProjectConfigurationPlatforms) = postSolution
		{F3B2D89E-9586-490B-9DEC-043E4A40D119}.Debug|Any CPU.ActiveCfg = Debug|Any CPU
		{F3B2D89E-9586-490B-9DEC-043E4A40D119}.Debug|Any CPU.Build.0 = Debug|Any CPU
		{F3B2D89E-9586-490B-9DEC-043E4A40D119}.Release|Any CPU.ActiveCfg = Release|Any CPU
		{F3B2D89E-9586-490B-9DEC-043E4A40D119}.Release|Any CPU.Build.0 = Release|Any CPU
		{BE336148-E22C-4581-8826-5C8F2336691B}.Debug|Any CPU.ActiveCfg = Debug|Any CPU
		{BE336148-E22C-4581-8826-5C8F2336691B}.Debug|Any CPU.Build.0 = Debug|Any CPU
		{BE336148-E22C-4581-8826-5C8F2336691B}.Release|Any CPU.ActiveCfg = Release|Any CPU
		{BE336148-E22C-4581-8826-5C8F2336691B}.Release|Any CPU.Build.0 = Release|Any CPU
		{B02A0C7B-9432-45FC-8CA3-919D8439476D}.Debug|Any CPU.ActiveCfg = Debug|Any CPU
		{B02A0C7B-9432-45FC-8CA3-919D8439476D}.Debug|Any CPU.Build.0 = Debug|Any CPU
		{B02A0C7B-9432-45FC-8CA3-919D8439476D}.Release|Any CPU.ActiveCfg = Release|Any CPU
		{B02A0C7B-9432-45FC-8CA3-919D8439476D}.Release|Any CPU.Build.0 = Release|Any CPU
		{1404A9E5-46FF-49E2-B3FE-1EBDA7F1438D}.Debug|Any CPU.ActiveCfg = Debug|Any CPU
		{1404A9E5-46FF-49E2-B3FE-1EBDA7F1438D}.Debug|Any CPU.Build.0 = Debug|Any CPU
		{1404A9E5-46FF-49E2-B3FE-1EBDA7F1438D}.Release|Any CPU.ActiveCfg = Release|Any CPU
		{1404A9E5-46FF-49E2-B3FE-1EBDA7F1438D}.Release|Any CPU.Build.0 = Release|Any CPU
		{E0ED5C35-1037-4B0E-AB11-3479278E0881}.Debug|Any CPU.ActiveCfg = Debug|Any CPU
		{E0ED5C35-1037-4B0E-AB11-3479278E0881}.Debug|Any CPU.Build.0 = Debug|Any CPU
		{E0ED5C35-1037-4B0E-AB11-3479278E0881}.Release|Any CPU.ActiveCfg = Release|Any CPU
		{E0ED5C35-1037-4B0E-AB11-3479278E0881}.Release|Any CPU.Build.0 = Release|Any CPU
		{21AC4A6E-4436-48FD-A400-6992E9E27CEE}.Debug|Any CPU.ActiveCfg = Debug|Any CPU
		{21AC4A6E-4436-48FD-A400-6992E9E27CEE}.Debug|Any CPU.Build.0 = Debug|Any CPU
		{21AC4A6E-4436-48FD-A400-6992E9E27CEE}.Release|Any CPU.ActiveCfg = Release|Any CPU
		{21AC4A6E-4436-48FD-A400-6992E9E27CEE}.Release|Any CPU.Build.0 = Release|Any CPU
	EndGlobalSection
	GlobalSection(SolutionProperties) = preSolution
		HideSolutionNode = FALSE
	EndGlobalSection
	GlobalSection(NestedProjects) = preSolution
		{E0ED5C35-1037-4B0E-AB11-3479278E0881} = {00DC21DD-0C80-47AB-8FF4-DC2A399100BE}
	EndGlobalSection
EndGlobal
